// !$*UTF8*$!
{
	archiveVersion = 1;
	classes = {
	};
	objectVersion = 50;
	objects = {

/* Begin PBXBuildFile section */
		B715B23F24D28E2200B4C859 /* libAppleCppAPI.a in Frameworks */ = {isa = PBXBuildFile; fileRef = B715B23E24D28E2200B4C859 /* libAppleCppAPI.a */; };
		B7316FF824CF376000157455 /* HeroApp.swift in Sources */ = {isa = PBXBuildFile; fileRef = B7316FF724CF376000157455 /* HeroApp.swift */; };
		B7316FFC24CF376200157455 /* Assets.xcassets in Resources */ = {isa = PBXBuildFile; fileRef = B7316FFB24CF376200157455 /* Assets.xcassets */; };
		B7316FFF24CF376200157455 /* Preview Assets.xcassets in Resources */ = {isa = PBXBuildFile; fileRef = B7316FFE24CF376200157455 /* Preview Assets.xcassets */; };
		B731700724CF378F00157455 /* CanvasView.swift in Sources */ = {isa = PBXBuildFile; fileRef = B731700624CF378F00157455 /* CanvasView.swift */; };
		B731700924CF38E900157455 /* MainView.swift in Sources */ = {isa = PBXBuildFile; fileRef = B731700824CF38E900157455 /* MainView.swift */; };
		B731700F24CF540000157455 /* ImageSelector.swift in Sources */ = {isa = PBXBuildFile; fileRef = B731700E24CF540000157455 /* ImageSelector.swift */; };
		B7847AD824D33AE100026607 /* Layer.cpp in Sources */ = {isa = PBXBuildFile; fileRef = B7847AD624D33AE100026607 /* Layer.cpp */; };
		B7847ADF24D45F8C00026607 /* Canvas.mm in Sources */ = {isa = PBXBuildFile; fileRef = B7847ADD24D45F8C00026607 /* Canvas.mm */; };
		B7847AE324D4625200026607 /* Layer.mm in Sources */ = {isa = PBXBuildFile; fileRef = B7847AE124D4625200026607 /* Layer.mm */; };
		B7847AE524D4695100026607 /* CanvasViewController.swift in Sources */ = {isa = PBXBuildFile; fileRef = B7847AE424D4695100026607 /* CanvasViewController.swift */; };
		B7847B1724D6E66900026607 /* RenderingContext.mm in Sources */ = {isa = PBXBuildFile; fileRef = B7847B1424D6E66900026607 /* RenderingContext.mm */; };
		B7847B1924D6F38A00026607 /* Shaders.metal in Sources */ = {isa = PBXBuildFile; fileRef = B7847B1824D6F38A00026607 /* Shaders.metal */; };
		B7847B1C24D7E48600026607 /* UIColor+Additions.swift in Sources */ = {isa = PBXBuildFile; fileRef = B7847B1B24D7E48600026607 /* UIColor+Additions.swift */; };
		B7847B2724D9D5BE00026607 /* TextureUtils.cpp in Sources */ = {isa = PBXBuildFile; fileRef = B7847B2524D9D5BE00026607 /* TextureUtils.cpp */; };
		B786A8CD24D0AF4800F6EE83 /* ColorSelector.swift in Sources */ = {isa = PBXBuildFile; fileRef = B786A8CC24D0AF4800F6EE83 /* ColorSelector.swift */; };
		B786A8D324D146DB00F6EE83 /* Canvas.cpp in Sources */ = {isa = PBXBuildFile; fileRef = B786A8D124D146DB00F6EE83 /* Canvas.cpp */; };
/* End PBXBuildFile section */

/* Begin PBXFileReference section */
		B715B23924D28B0F00B4C859 /* libAppleCppAPI.a */ = {isa = PBXFileReference; explicitFileType = archive.ar; path = libAppleCppAPI.a; sourceTree = BUILT_PRODUCTS_DIR; };
		B715B23B24D28B4E00B4C859 /* libAppleCppAPI.a */ = {isa = PBXFileReference; explicitFileType = archive.ar; path = libAppleCppAPI.a; sourceTree = BUILT_PRODUCTS_DIR; };
		B715B23E24D28E2200B4C859 /* libAppleCppAPI.a */ = {isa = PBXFileReference; explicitFileType = archive.ar; path = libAppleCppAPI.a; sourceTree = BUILT_PRODUCTS_DIR; };
		B715B24324D2A2DB00B4C859 /* CppWrapper.h */ = {isa = PBXFileReference; lastKnownFileType = sourcecode.c.h; path = CppWrapper.h; sourceTree = "<group>"; };
		B7316FF424CF376000157455 /* Hero.app */ = {isa = PBXFileReference; explicitFileType = wrapper.application; includeInIndex = 0; path = Hero.app; sourceTree = BUILT_PRODUCTS_DIR; };
		B7316FF724CF376000157455 /* HeroApp.swift */ = {isa = PBXFileReference; lastKnownFileType = sourcecode.swift; path = HeroApp.swift; sourceTree = "<group>"; };
		B7316FFB24CF376200157455 /* Assets.xcassets */ = {isa = PBXFileReference; lastKnownFileType = folder.assetcatalog; path = Assets.xcassets; sourceTree = "<group>"; };
		B7316FFE24CF376200157455 /* Preview Assets.xcassets */ = {isa = PBXFileReference; lastKnownFileType = folder.assetcatalog; path = "Preview Assets.xcassets"; sourceTree = "<group>"; };
		B731700024CF376200157455 /* Info.plist */ = {isa = PBXFileReference; lastKnownFileType = text.plist.xml; path = Info.plist; sourceTree = "<group>"; };
		B731700624CF378F00157455 /* CanvasView.swift */ = {isa = PBXFileReference; lastKnownFileType = sourcecode.swift; path = CanvasView.swift; sourceTree = "<group>"; };
		B731700824CF38E900157455 /* MainView.swift */ = {isa = PBXFileReference; fileEncoding = 4; lastKnownFileType = sourcecode.swift; path = MainView.swift; sourceTree = "<group>"; };
		B731700E24CF540000157455 /* ImageSelector.swift */ = {isa = PBXFileReference; lastKnownFileType = sourcecode.swift; path = ImageSelector.swift; sourceTree = "<group>"; };
		B7847AD624D33AE100026607 /* Layer.cpp */ = {isa = PBXFileReference; lastKnownFileType = sourcecode.cpp.cpp; path = Layer.cpp; sourceTree = "<group>"; };
		B7847AD724D33AE100026607 /* Layer.hpp */ = {isa = PBXFileReference; lastKnownFileType = sourcecode.cpp.h; path = Layer.hpp; sourceTree = "<group>"; };
		B7847ADD24D45F8C00026607 /* Canvas.mm */ = {isa = PBXFileReference; lastKnownFileType = sourcecode.cpp.objcpp; path = Canvas.mm; sourceTree = "<group>"; };
		B7847ADE24D45F8C00026607 /* Canvas.h */ = {isa = PBXFileReference; lastKnownFileType = sourcecode.c.h; path = Canvas.h; sourceTree = "<group>"; };
		B7847AE124D4625200026607 /* Layer.mm */ = {isa = PBXFileReference; lastKnownFileType = sourcecode.cpp.objcpp; path = Layer.mm; sourceTree = "<group>"; };
		B7847AE224D4625200026607 /* Layer.h */ = {isa = PBXFileReference; lastKnownFileType = sourcecode.c.h; path = Layer.h; sourceTree = "<group>"; };
		B7847AE424D4695100026607 /* CanvasViewController.swift */ = {isa = PBXFileReference; lastKnownFileType = sourcecode.swift; path = CanvasViewController.swift; sourceTree = "<group>"; };
		B7847B1424D6E66900026607 /* RenderingContext.mm */ = {isa = PBXFileReference; fileEncoding = 4; lastKnownFileType = sourcecode.cpp.objcpp; path = RenderingContext.mm; sourceTree = "<group>"; };
		B7847B1524D6E66900026607 /* RenderingContext.h */ = {isa = PBXFileReference; fileEncoding = 4; lastKnownFileType = sourcecode.c.h; path = RenderingContext.h; sourceTree = "<group>"; };
		B7847B1624D6E66900026607 /* RenderingContext.hpp */ = {isa = PBXFileReference; fileEncoding = 4; lastKnownFileType = sourcecode.cpp.h; path = RenderingContext.hpp; sourceTree = "<group>"; };
		B7847B1824D6F38A00026607 /* Shaders.metal */ = {isa = PBXFileReference; lastKnownFileType = sourcecode.metal; path = Shaders.metal; sourceTree = "<group>"; };
		B7847B1A24D6F3B200026607 /* ShaderTypes.h */ = {isa = PBXFileReference; lastKnownFileType = sourcecode.c.h; path = ShaderTypes.h; sourceTree = "<group>"; };
		B7847B1B24D7E48600026607 /* UIColor+Additions.swift */ = {isa = PBXFileReference; lastKnownFileType = sourcecode.swift; path = "UIColor+Additions.swift"; sourceTree = "<group>"; };
		B7847B2524D9D5BE00026607 /* TextureUtils.cpp */ = {isa = PBXFileReference; lastKnownFileType = sourcecode.cpp.cpp; path = TextureUtils.cpp; sourceTree = "<group>"; };
		B7847B2624D9D5BE00026607 /* TextureUtils.hpp */ = {isa = PBXFileReference; lastKnownFileType = sourcecode.cpp.h; path = TextureUtils.hpp; sourceTree = "<group>"; };
		B786A8CC24D0AF4800F6EE83 /* ColorSelector.swift */ = {isa = PBXFileReference; lastKnownFileType = sourcecode.swift; path = ColorSelector.swift; sourceTree = "<group>"; };
		B786A8D024D146DA00F6EE83 /* Hero-Bridging-Header.h */ = {isa = PBXFileReference; lastKnownFileType = sourcecode.c.h; path = "Hero-Bridging-Header.h"; sourceTree = "<group>"; };
		B786A8D124D146DB00F6EE83 /* Canvas.cpp */ = {isa = PBXFileReference; lastKnownFileType = sourcecode.cpp.cpp; path = Canvas.cpp; sourceTree = "<group>"; };
		B786A8D224D146DB00F6EE83 /* Canvas.hpp */ = {isa = PBXFileReference; lastKnownFileType = sourcecode.cpp.h; path = Canvas.hpp; sourceTree = "<group>"; };
/* End PBXFileReference section */

/* Begin PBXFrameworksBuildPhase section */
		B7316FF124CF376000157455 /* Frameworks */ = {
			isa = PBXFrameworksBuildPhase;
			buildActionMask = 2147483647;
			files = (
				B715B23F24D28E2200B4C859 /* libAppleCppAPI.a in Frameworks */,
			);
			runOnlyForDeploymentPostprocessing = 0;
		};
/* End PBXFrameworksBuildPhase section */

/* Begin PBXGroup section */
		B715B23824D28B0F00B4C859 /* Frameworks */ = {
			isa = PBXGroup;
			children = (
				B715B23E24D28E2200B4C859 /* libAppleCppAPI.a */,
				B715B23B24D28B4E00B4C859 /* libAppleCppAPI.a */,
				B715B23924D28B0F00B4C859 /* libAppleCppAPI.a */,
			);
			name = Frameworks;
			sourceTree = "<group>";
		};
		B7316FEB24CF376000157455 = {
			isa = PBXGroup;
			children = (
				B7316FF624CF376000157455 /* Hero */,
				B7316FF524CF376000157455 /* Products */,
				B715B23824D28B0F00B4C859 /* Frameworks */,
			);
			sourceTree = "<group>";
		};
		B7316FF524CF376000157455 /* Products */ = {
			isa = PBXGroup;
			children = (
				B7316FF424CF376000157455 /* Hero.app */,
			);
			name = Products;
			sourceTree = "<group>";
		};
		B7316FF624CF376000157455 /* Hero */ = {
			isa = PBXGroup;
			children = (
				B7847AE024D45FC300026607 /* Canvas */,
				B7316FF724CF376000157455 /* HeroApp.swift */,
				B731700824CF38E900157455 /* MainView.swift */,
				B731700624CF378F00157455 /* CanvasView.swift */,
				B731700E24CF540000157455 /* ImageSelector.swift */,
				B786A8CC24D0AF4800F6EE83 /* ColorSelector.swift */,
				B731700024CF376200157455 /* Info.plist */,
				B7316FFB24CF376200157455 /* Assets.xcassets */,
				B7316FFD24CF376200157455 /* Preview Content */,
				B786A8D024D146DA00F6EE83 /* Hero-Bridging-Header.h */,
				B7847B1A24D6F3B200026607 /* ShaderTypes.h */,
				B7847B1824D6F38A00026607 /* Shaders.metal */,
				B7847B1B24D7E48600026607 /* UIColor+Additions.swift */,
			);
			path = Hero;
			sourceTree = "<group>";
		};
		B7316FFD24CF376200157455 /* Preview Content */ = {
			isa = PBXGroup;
			children = (
				B7316FFE24CF376200157455 /* Preview Assets.xcassets */,
			);
			path = "Preview Content";
			sourceTree = "<group>";
		};
		B7847AE024D45FC300026607 /* Canvas */ = {
			isa = PBXGroup;
			children = (
				B715B24324D2A2DB00B4C859 /* CppWrapper.h */,
				B7847B1624D6E66900026607 /* RenderingContext.hpp */,
				B7847B1424D6E66900026607 /* RenderingContext.mm */,
				B7847B1524D6E66900026607 /* RenderingContext.h */,
				B786A8D124D146DB00F6EE83 /* Canvas.cpp */,
				B786A8D224D146DB00F6EE83 /* Canvas.hpp */,
				B7847ADD24D45F8C00026607 /* Canvas.mm */,
				B7847ADE24D45F8C00026607 /* Canvas.h */,
				B7847AD624D33AE100026607 /* Layer.cpp */,
				B7847AD724D33AE100026607 /* Layer.hpp */,
				B7847AE124D4625200026607 /* Layer.mm */,
				B7847AE224D4625200026607 /* Layer.h */,
				B7847AE424D4695100026607 /* CanvasViewController.swift */,
				B7847B2524D9D5BE00026607 /* TextureUtils.cpp */,
				B7847B2624D9D5BE00026607 /* TextureUtils.hpp */,
			);
			name = Canvas;
			sourceTree = "<group>";
		};
/* End PBXGroup section */

/* Begin PBXNativeTarget section */
		B7316FF324CF376000157455 /* Hero */ = {
			isa = PBXNativeTarget;
			buildConfigurationList = B731700324CF376200157455 /* Build configuration list for PBXNativeTarget "Hero" */;
			buildPhases = (
				B7316FF024CF376000157455 /* Sources */,
				B7316FF124CF376000157455 /* Frameworks */,
				B7316FF224CF376000157455 /* Resources */,
			);
			buildRules = (
			);
			dependencies = (
			);
			name = Hero;
			productName = Hero;
			productReference = B7316FF424CF376000157455 /* Hero.app */;
			productType = "com.apple.product-type.application";
		};
/* End PBXNativeTarget section */

/* Begin PBXProject section */
		B7316FEC24CF376000157455 /* Project object */ = {
			isa = PBXProject;
			attributes = {
				LastSwiftUpdateCheck = 1200;
				LastUpgradeCheck = 1200;
				TargetAttributes = {
					B7316FF324CF376000157455 = {
						CreatedOnToolsVersion = 12.0;
						LastSwiftMigration = 1200;
					};
				};
			};
			buildConfigurationList = B7316FEF24CF376000157455 /* Build configuration list for PBXProject "Hero" */;
			compatibilityVersion = "Xcode 9.3";
			developmentRegion = en;
			hasScannedForEncodings = 0;
			knownRegions = (
				en,
				Base,
			);
			mainGroup = B7316FEB24CF376000157455;
			productRefGroup = B7316FF524CF376000157455 /* Products */;
			projectDirPath = "";
			projectRoot = "";
			targets = (
				B7316FF324CF376000157455 /* Hero */,
			);
		};
/* End PBXProject section */

/* Begin PBXResourcesBuildPhase section */
		B7316FF224CF376000157455 /* Resources */ = {
			isa = PBXResourcesBuildPhase;
			buildActionMask = 2147483647;
			files = (
				B7316FFF24CF376200157455 /* Preview Assets.xcassets in Resources */,
				B7316FFC24CF376200157455 /* Assets.xcassets in Resources */,
			);
			runOnlyForDeploymentPostprocessing = 0;
		};
/* End PBXResourcesBuildPhase section */

/* Begin PBXSourcesBuildPhase section */
		B7316FF024CF376000157455 /* Sources */ = {
			isa = PBXSourcesBuildPhase;
			buildActionMask = 2147483647;
			files = (
				B7847B1924D6F38A00026607 /* Shaders.metal in Sources */,
				B7847B1C24D7E48600026607 /* UIColor+Additions.swift in Sources */,
				B7847AE324D4625200026607 /* Layer.mm in Sources */,
				B786A8CD24D0AF4800F6EE83 /* ColorSelector.swift in Sources */,
				B786A8D324D146DB00F6EE83 /* Canvas.cpp in Sources */,
				B731700924CF38E900157455 /* MainView.swift in Sources */,
				B7847ADF24D45F8C00026607 /* Canvas.mm in Sources */,
				B731700F24CF540000157455 /* ImageSelector.swift in Sources */,
				B7316FF824CF376000157455 /* HeroApp.swift in Sources */,
				B7847B2724D9D5BE00026607 /* TextureUtils.cpp in Sources */,
				B731700724CF378F00157455 /* CanvasView.swift in Sources */,
				B7847AE524D4695100026607 /* CanvasViewController.swift in Sources */,
				B7847B1724D6E66900026607 /* RenderingContext.mm in Sources */,
				B7847AD824D33AE100026607 /* Layer.cpp in Sources */,
			);
			runOnlyForDeploymentPostprocessing = 0;
		};
/* End PBXSourcesBuildPhase section */

/* Begin XCBuildConfiguration section */
		B731700124CF376200157455 /* Debug */ = {
			isa = XCBuildConfiguration;
			buildSettings = {
				ALWAYS_SEARCH_USER_PATHS = NO;
				CLANG_ANALYZER_NONNULL = YES;
				CLANG_ANALYZER_NUMBER_OBJECT_CONVERSION = YES_AGGRESSIVE;
				CLANG_CXX_LANGUAGE_STANDARD = "gnu++14";
				CLANG_CXX_LIBRARY = "libc++";
				CLANG_ENABLE_MODULES = YES;
				CLANG_ENABLE_OBJC_ARC = YES;
				CLANG_ENABLE_OBJC_WEAK = YES;
				CLANG_WARN_BLOCK_CAPTURE_AUTORELEASING = YES;
				CLANG_WARN_BOOL_CONVERSION = YES;
				CLANG_WARN_COMMA = YES;
				CLANG_WARN_CONSTANT_CONVERSION = YES;
				CLANG_WARN_DEPRECATED_OBJC_IMPLEMENTATIONS = YES;
				CLANG_WARN_DIRECT_OBJC_ISA_USAGE = YES_ERROR;
				CLANG_WARN_DOCUMENTATION_COMMENTS = YES;
				CLANG_WARN_EMPTY_BODY = YES;
				CLANG_WARN_ENUM_CONVERSION = YES;
				CLANG_WARN_INFINITE_RECURSION = YES;
				CLANG_WARN_INT_CONVERSION = YES;
				CLANG_WARN_NON_LITERAL_NULL_CONVERSION = YES;
				CLANG_WARN_OBJC_IMPLICIT_RETAIN_SELF = YES;
				CLANG_WARN_OBJC_LITERAL_CONVERSION = YES;
				CLANG_WARN_OBJC_ROOT_CLASS = YES_ERROR;
				CLANG_WARN_QUOTED_INCLUDE_IN_FRAMEWORK_HEADER = YES;
				CLANG_WARN_RANGE_LOOP_ANALYSIS = YES;
				CLANG_WARN_STRICT_PROTOTYPES = YES;
				CLANG_WARN_SUSPICIOUS_MOVE = YES;
				CLANG_WARN_UNGUARDED_AVAILABILITY = YES_AGGRESSIVE;
				CLANG_WARN_UNREACHABLE_CODE = YES;
				CLANG_WARN__DUPLICATE_METHOD_MATCH = YES;
				COPY_PHASE_STRIP = NO;
				DEBUG_INFORMATION_FORMAT = dwarf;
				ENABLE_STRICT_OBJC_MSGSEND = YES;
				ENABLE_TESTABILITY = YES;
				GCC_C_LANGUAGE_STANDARD = gnu11;
				GCC_DYNAMIC_NO_PIC = NO;
				GCC_NO_COMMON_BLOCKS = YES;
				GCC_OPTIMIZATION_LEVEL = 0;
				GCC_PREPROCESSOR_DEFINITIONS = (
					"DEBUG=1",
					"$(inherited)",
				);
				GCC_WARN_64_TO_32_BIT_CONVERSION = YES;
				GCC_WARN_ABOUT_RETURN_TYPE = YES_ERROR;
				GCC_WARN_UNDECLARED_SELECTOR = YES;
				GCC_WARN_UNINITIALIZED_AUTOS = YES_AGGRESSIVE;
				GCC_WARN_UNUSED_FUNCTION = YES;
				GCC_WARN_UNUSED_VARIABLE = YES;
				IPHONEOS_DEPLOYMENT_TARGET = 14.0;
				MTL_ENABLE_DEBUG_INFO = INCLUDE_SOURCE;
				MTL_FAST_MATH = YES;
				ONLY_ACTIVE_ARCH = YES;
				SDKROOT = iphoneos;
				SWIFT_ACTIVE_COMPILATION_CONDITIONS = DEBUG;
				SWIFT_OPTIMIZATION_LEVEL = "-Onone";
			};
			name = Debug;
		};
		B731700224CF376200157455 /* Release */ = {
			isa = XCBuildConfiguration;
			buildSettings = {
				ALWAYS_SEARCH_USER_PATHS = NO;
				CLANG_ANALYZER_NONNULL = YES;
				CLANG_ANALYZER_NUMBER_OBJECT_CONVERSION = YES_AGGRESSIVE;
				CLANG_CXX_LANGUAGE_STANDARD = "gnu++14";
				CLANG_CXX_LIBRARY = "libc++";
				CLANG_ENABLE_MODULES = YES;
				CLANG_ENABLE_OBJC_ARC = YES;
				CLANG_ENABLE_OBJC_WEAK = YES;
				CLANG_WARN_BLOCK_CAPTURE_AUTORELEASING = YES;
				CLANG_WARN_BOOL_CONVERSION = YES;
				CLANG_WARN_COMMA = YES;
				CLANG_WARN_CONSTANT_CONVERSION = YES;
				CLANG_WARN_DEPRECATED_OBJC_IMPLEMENTATIONS = YES;
				CLANG_WARN_DIRECT_OBJC_ISA_USAGE = YES_ERROR;
				CLANG_WARN_DOCUMENTATION_COMMENTS = YES;
				CLANG_WARN_EMPTY_BODY = YES;
				CLANG_WARN_ENUM_CONVERSION = YES;
				CLANG_WARN_INFINITE_RECURSION = YES;
				CLANG_WARN_INT_CONVERSION = YES;
				CLANG_WARN_NON_LITERAL_NULL_CONVERSION = YES;
				CLANG_WARN_OBJC_IMPLICIT_RETAIN_SELF = YES;
				CLANG_WARN_OBJC_LITERAL_CONVERSION = YES;
				CLANG_WARN_OBJC_ROOT_CLASS = YES_ERROR;
				CLANG_WARN_QUOTED_INCLUDE_IN_FRAMEWORK_HEADER = YES;
				CLANG_WARN_RANGE_LOOP_ANALYSIS = YES;
				CLANG_WARN_STRICT_PROTOTYPES = YES;
				CLANG_WARN_SUSPICIOUS_MOVE = YES;
				CLANG_WARN_UNGUARDED_AVAILABILITY = YES_AGGRESSIVE;
				CLANG_WARN_UNREACHABLE_CODE = YES;
				CLANG_WARN__DUPLICATE_METHOD_MATCH = YES;
				COPY_PHASE_STRIP = NO;
				DEBUG_INFORMATION_FORMAT = "dwarf-with-dsym";
				ENABLE_NS_ASSERTIONS = NO;
				ENABLE_STRICT_OBJC_MSGSEND = YES;
				GCC_C_LANGUAGE_STANDARD = gnu11;
				GCC_NO_COMMON_BLOCKS = YES;
				GCC_WARN_64_TO_32_BIT_CONVERSION = YES;
				GCC_WARN_ABOUT_RETURN_TYPE = YES_ERROR;
				GCC_WARN_UNDECLARED_SELECTOR = YES;
				GCC_WARN_UNINITIALIZED_AUTOS = YES_AGGRESSIVE;
				GCC_WARN_UNUSED_FUNCTION = YES;
				GCC_WARN_UNUSED_VARIABLE = YES;
				IPHONEOS_DEPLOYMENT_TARGET = 14.0;
				MTL_ENABLE_DEBUG_INFO = NO;
				MTL_FAST_MATH = YES;
				SDKROOT = iphoneos;
				SWIFT_COMPILATION_MODE = wholemodule;
				SWIFT_OPTIMIZATION_LEVEL = "-O";
				VALIDATE_PRODUCT = YES;
			};
			name = Release;
		};
		B731700424CF376200157455 /* Debug */ = {
			isa = XCBuildConfiguration;
			buildSettings = {
				ASSETCATALOG_COMPILER_APPICON_NAME = AppIcon;
				ASSETCATALOG_COMPILER_GLOBAL_ACCENT_COLOR_NAME = AccentColor;
				CLANG_CXX_LANGUAGE_STANDARD = "c++17";
				CLANG_ENABLE_MODULES = YES;
				CODE_SIGN_STYLE = Automatic;
				DEVELOPMENT_ASSET_PATHS = "\"Hero/Preview Content\"";
				DEVELOPMENT_TEAM = M369BC24W9;
				ENABLE_PREVIEWS = YES;
				INFOPLIST_FILE = Hero/Info.plist;
				IPHONEOS_DEPLOYMENT_TARGET = 14.0;
				LD_RUNPATH_SEARCH_PATHS = (
					"$(inherited)",
					"@executable_path/Frameworks",
				);
				PRODUCT_BUNDLE_IDENTIFIER = co.herospirit.Hero;
				PRODUCT_NAME = "$(TARGET_NAME)";
				SWIFT_OBJC_BRIDGING_HEADER = "Hero/Hero-Bridging-Header.h";
				SWIFT_OPTIMIZATION_LEVEL = "-Onone";
				SWIFT_VERSION = 5.0;
				TARGETED_DEVICE_FAMILY = "1,2";
				USER_HEADER_SEARCH_PATHS = "$(PROJECT_DIR)/AppleCppAPI/AppleCppAPI";
				USE_HEADERMAP = NO;
			};
			name = Debug;
		};
		B731700524CF376200157455 /* Release */ = {
			isa = XCBuildConfiguration;
			buildSettings = {
				ASSETCATALOG_COMPILER_APPICON_NAME = AppIcon;
				ASSETCATALOG_COMPILER_GLOBAL_ACCENT_COLOR_NAME = AccentColor;
				CLANG_CXX_LANGUAGE_STANDARD = "c++17";
				CLANG_ENABLE_MODULES = YES;
				CODE_SIGN_STYLE = Automatic;
				DEVELOPMENT_ASSET_PATHS = "\"Hero/Preview Content\"";
				DEVELOPMENT_TEAM = M369BC24W9;
				ENABLE_PREVIEWS = YES;
				INFOPLIST_FILE = Hero/Info.plist;
				IPHONEOS_DEPLOYMENT_TARGET = 14.0;
				LD_RUNPATH_SEARCH_PATHS = (
					"$(inherited)",
					"@executable_path/Frameworks",
				);
				PRODUCT_BUNDLE_IDENTIFIER = co.herospirit.Hero;
				PRODUCT_NAME = "$(TARGET_NAME)";
				SWIFT_OBJC_BRIDGING_HEADER = "Hero/Hero-Bridging-Header.h";
				SWIFT_VERSION = 5.0;
				TARGETED_DEVICE_FAMILY = "1,2";
				USER_HEADER_SEARCH_PATHS = "$(PROJECT_DIR)/AppleCppAPI/AppleCppAPI";
				USE_HEADERMAP = NO;
			};
			name = Release;
		};
/* End XCBuildConfiguration section */

/* Begin XCConfigurationList section */
		B7316FEF24CF376000157455 /* Build configuration list for PBXProject "Hero" */ = {
			isa = XCConfigurationList;
			buildConfigurations = (
				B731700124CF376200157455 /* Debug */,
				B731700224CF376200157455 /* Release */,
			);
			defaultConfigurationIsVisible = 0;
			defaultConfigurationName = Release;
		};
		B731700324CF376200157455 /* Build configuration list for PBXNativeTarget "Hero" */ = {
			isa = XCConfigurationList;
			buildConfigurations = (
				B731700424CF376200157455 /* Debug */,
				B731700524CF376200157455 /* Release */,
			);
			defaultConfigurationIsVisible = 0;
			defaultConfigurationName = Release;
		};
/* End XCConfigurationList section */
	};
	rootObject = B7316FEC24CF376000157455 /* Project object */;
}
