// !$*UTF8*$!
{
	archiveVersion = 1;
	classes = {
	};
	objectVersion = 50;
	objects = {

/* Begin PBXBuildFile section */
		B70A310A272F1502003432C4 /* AnimationCompletionObserver.swift in Sources */ = {isa = PBXBuildFile; fileRef = B70A3109272F1502003432C4 /* AnimationCompletionObserver.swift */; };
		B7104BB827286B3700582DCA /* SceneViewModel.swift in Sources */ = {isa = PBXBuildFile; fileRef = B7104BB727286B3700582DCA /* SceneViewModel.swift */; };
		B7104BBA27287A0A00582DCA /* LocatedTapGesture.swift in Sources */ = {isa = PBXBuildFile; fileRef = B7104BB927287A0A00582DCA /* LocatedTapGesture.swift */; };
		B7104BC2272B00B800582DCA /* Selector.swift in Sources */ = {isa = PBXBuildFile; fileRef = B7104BC1272B00B700582DCA /* Selector.swift */; };
		B7104BC4272B069F00582DCA /* ColorUtil.swift in Sources */ = {isa = PBXBuildFile; fileRef = B7104BC3272B069F00582DCA /* ColorUtil.swift */; };
		B7104BC6272B1D3300582DCA /* FloatingSceneView.swift in Sources */ = {isa = PBXBuildFile; fileRef = B7104BC5272B1D3300582DCA /* FloatingSceneView.swift */; };
		B7104BC8272BBB1F00582DCA /* FloatField.swift in Sources */ = {isa = PBXBuildFile; fileRef = B7104BC7272BBB1F00582DCA /* FloatField.swift */; };
		B7104BCA272C07B300582DCA /* BezierRoundedRectangle.swift in Sources */ = {isa = PBXBuildFile; fileRef = B7104BC9272C07B300582DCA /* BezierRoundedRectangle.swift */; };
		B710DB8427BC106D00C57BDF /* ObjectBinding.swift in Sources */ = {isa = PBXBuildFile; fileRef = B710DB8327BC106D00C57BDF /* ObjectBinding.swift */; };
		B710DB8A27BD8E4000C57BDF /* PropertySelector.swift in Sources */ = {isa = PBXBuildFile; fileRef = B710DB8927BD8E4000C57BDF /* PropertySelector.swift */; };
		B717634B27A2C7D400CE5195 /* ComponentTreeNavigationView.swift in Sources */ = {isa = PBXBuildFile; fileRef = B717634A27A2C7D400CE5195 /* ComponentTreeNavigationView.swift */; };
		B717635727ABF25600CE5195 /* Component.swift in Sources */ = {isa = PBXBuildFile; fileRef = B717635627ABF25500CE5195 /* Component.swift */; };
		B717635927AE836E00CE5195 /* EnumUtil.swift in Sources */ = {isa = PBXBuildFile; fileRef = B717635827AE836E00CE5195 /* EnumUtil.swift */; };
		B717635C27AE83D400CE5195 /* ScaleComponent.swift in Sources */ = {isa = PBXBuildFile; fileRef = B717635B27AE83D400CE5195 /* ScaleComponent.swift */; };
		B717635E27AE841C00CE5195 /* TransformationComponent.swift in Sources */ = {isa = PBXBuildFile; fileRef = B717635D27AE841C00CE5195 /* TransformationComponent.swift */; };
		B717636027B00CCF00CE5195 /* MeshRegistry.swift in Sources */ = {isa = PBXBuildFile; fileRef = B717635F27B00CCF00CE5195 /* MeshRegistry.swift */; };
		B717636227B0242300CE5195 /* SampleSceneData.swift in Sources */ = {isa = PBXBuildFile; fileRef = B717636127B0242300CE5195 /* SampleSceneData.swift */; };
		B717636427B1A7F500CE5195 /* IntegerField.swift in Sources */ = {isa = PBXBuildFile; fileRef = B717636327B1A7F500CE5195 /* IntegerField.swift */; };
		B72175FA274BC0A60047016B /* Mesh.cpp in Sources */ = {isa = PBXBuildFile; fileRef = B72175F8274BC0A60047016B /* Mesh.cpp */; };
		B72175FF274CF1DE0047016B /* circle.obj in Resources */ = {isa = PBXBuildFile; fileRef = B72175FE274CF1DE0047016B /* circle.obj */; };
		B7217603274FF2800047016B /* APIObjectWrapper.cpp in Sources */ = {isa = PBXBuildFile; fileRef = B7217601274FF2800047016B /* APIObjectWrapper.cpp */; };
		B7217607274FFA770047016B /* Device_metal.mm in Sources */ = {isa = PBXBuildFile; fileRef = B7217605274FFA770047016B /* Device_metal.mm */; };
		B721760A2750AD990047016B /* Buffer_metal.mm in Sources */ = {isa = PBXBuildFile; fileRef = B72176082750AD990047016B /* Buffer_metal.mm */; };
		B723583E2756147200337547 /* square.obj in Resources */ = {isa = PBXBuildFile; fileRef = B723583D2756147200337547 /* square.obj */; };
		B723584027568C6300337547 /* cube.obj in Resources */ = {isa = PBXBuildFile; fileRef = B723583F27568C6300337547 /* cube.obj */; };
		B72358422756902F00337547 /* cylinder.obj in Resources */ = {isa = PBXBuildFile; fileRef = B72358412756902F00337547 /* cylinder.obj */; };
		B7235844275691C000337547 /* cone.obj in Resources */ = {isa = PBXBuildFile; fileRef = B7235843275691C000337547 /* cone.obj */; };
		B72358482756928F00337547 /* sphere.obj in Resources */ = {isa = PBXBuildFile; fileRef = B72358472756928F00337547 /* sphere.obj */; };
		B723584D2757749300337547 /* RayCast.cpp in Sources */ = {isa = PBXBuildFile; fileRef = B723584B2757749300337547 /* RayCast.cpp */; };
		B7235851275D34D000337547 /* Polyline.cpp in Sources */ = {isa = PBXBuildFile; fileRef = B723584F275D34D000337547 /* Polyline.cpp */; };
		B7235855275E984500337547 /* PolylineView.cpp in Sources */ = {isa = PBXBuildFile; fileRef = B7235853275E984500337547 /* PolylineView.cpp */; };
		B723585A275F51F700337547 /* coordinate_grid.obj in Resources */ = {isa = PBXBuildFile; fileRef = B7235859275F4EE500337547 /* coordinate_grid.obj */; };
		B723585C2761189E00337547 /* line.obj in Resources */ = {isa = PBXBuildFile; fileRef = B723585B2761173800337547 /* line.obj */; };
		B723585F2762844700337547 /* PolylineViewDepthBias.cpp in Sources */ = {isa = PBXBuildFile; fileRef = B723585D2762844700337547 /* PolylineViewDepthBias.cpp */; };
		B7235862276F2BEC00337547 /* OutlineView.cpp in Sources */ = {isa = PBXBuildFile; fileRef = B7235860276F2BEC00337547 /* OutlineView.cpp */; };
		B73245A6273D92BF00708909 /* SPTScene.mm in Sources */ = {isa = PBXBuildFile; fileRef = B73245A5273D92BF00708909 /* SPTScene.mm */; };
		B73245B027410CA400708909 /* Scene.cpp in Sources */ = {isa = PBXBuildFile; fileRef = B73245AE27410CA400708909 /* Scene.cpp */; };
		B73245B32741188500708909 /* SPTViewController.mm in Sources */ = {isa = PBXBuildFile; fileRef = B73245B22741188500708909 /* SPTViewController.mm */; };
		B73245B6274124C100708909 /* Renderer.mm in Sources */ = {isa = PBXBuildFile; fileRef = B73245B4274124C100708909 /* Renderer.mm */; };
		B73245B9274128FD00708909 /* Spirit.mm in Sources */ = {isa = PBXBuildFile; fileRef = B73245B7274128FD00708909 /* Spirit.mm */; };
		B736450427B3BA1100FAD433 /* EditComponentViewProvider.swift in Sources */ = {isa = PBXBuildFile; fileRef = B736450327B3BA1100FAD433 /* EditComponentViewProvider.swift */; };
		B736450627B3DB7100FAD433 /* EditGeneratorComponentView.swift in Sources */ = {isa = PBXBuildFile; fileRef = B736450527B3DB7100FAD433 /* EditGeneratorComponentView.swift */; };
		B73E47C927C5590800CB0AFC /* Orientation.cpp in Sources */ = {isa = PBXBuildFile; fileRef = B73E47C727C5590800CB0AFC /* Orientation.cpp */; };
		B73E47CC27C5762500CB0AFC /* Position.cpp in Sources */ = {isa = PBXBuildFile; fileRef = B73E47CA27C5762500CB0AFC /* Position.cpp */; };
		B75FA56B278ACD7E001EC7C5 /* RootView.swift in Sources */ = {isa = PBXBuildFile; fileRef = B75FA56A278ACD7D001EC7C5 /* RootView.swift */; };
		B75FA56D278B3414001EC7C5 /* Views.swift in Sources */ = {isa = PBXBuildFile; fileRef = B75FA56C278B3414001EC7C5 /* Views.swift */; };
		B75FA571278D4CA6001EC7C5 /* NewGeneratorView.swift in Sources */ = {isa = PBXBuildFile; fileRef = B75FA570278D4CA6001EC7C5 /* NewGeneratorView.swift */; };
		B75FA573278D5001001EC7C5 /* StringUtil.swift in Sources */ = {isa = PBXBuildFile; fileRef = B75FA572278D5001001EC7C5 /* StringUtil.swift */; };
		B75FA577278D6DBD001EC7C5 /* GeneratorView.swift in Sources */ = {isa = PBXBuildFile; fileRef = B75FA576278D6DBD001EC7C5 /* GeneratorView.swift */; };
		B75FA57D27918064001EC7C5 /* Generator.cpp in Sources */ = {isa = PBXBuildFile; fileRef = B75FA57B27918064001EC7C5 /* Generator.cpp */; };
		B75FA5812791EDD6001EC7C5 /* ViewUtils.swift in Sources */ = {isa = PBXBuildFile; fileRef = B75FA5802791EDD6001EC7C5 /* ViewUtils.swift */; };
		B75FA585279322E2001EC7C5 /* TemplateObjectSelector.swift in Sources */ = {isa = PBXBuildFile; fileRef = B75FA584279322E2001EC7C5 /* TemplateObjectSelector.swift */; };
		B7791D1727258F7500E0C934 /* HeroApp.swift in Sources */ = {isa = PBXBuildFile; fileRef = B7791D1627258F7500E0C934 /* HeroApp.swift */; };
		B7791D1B27258F7700E0C934 /* Assets.xcassets in Resources */ = {isa = PBXBuildFile; fileRef = B7791D1A27258F7700E0C934 /* Assets.xcassets */; };
		B7791D1E27258F7700E0C934 /* Preview Assets.xcassets in Resources */ = {isa = PBXBuildFile; fileRef = B7791D1D27258F7700E0C934 /* Preview Assets.xcassets */; };
		B7791D252725F45F00E0C934 /* TransformView.swift in Sources */ = {isa = PBXBuildFile; fileRef = B7791D242725F45F00E0C934 /* TransformView.swift */; };
		B7791D812726762100E0C934 /* Shaders.metal in Sources */ = {isa = PBXBuildFile; fileRef = B7791D4E2726762100E0C934 /* Shaders.metal */; };
		B7791D832726762100E0C934 /* SPTView.swift in Sources */ = {isa = PBXBuildFile; fileRef = B7791D522726762100E0C934 /* SPTView.swift */; };
		B7791D842726762100E0C934 /* SPTRenderingContext.m in Sources */ = {isa = PBXBuildFile; fileRef = B7791D542726762100E0C934 /* SPTRenderingContext.m */; };
		B7791DAB2726768B00E0C934 /* UIColorUtil.swift in Sources */ = {isa = PBXBuildFile; fileRef = B7791D982726768B00E0C934 /* UIColorUtil.swift */; };
		B7791DB42726768C00E0C934 /* FloatingPointUtil.swift in Sources */ = {isa = PBXBuildFile; fileRef = B7791DA42726768B00E0C934 /* FloatingPointUtil.swift */; };
		B7791DBA2726821200E0C934 /* SceneView.swift in Sources */ = {isa = PBXBuildFile; fileRef = B7791DB92726821200E0C934 /* SceneView.swift */; };
		B7928BE32794302D00C4F110 /* CoreGraphicsUtil.swift in Sources */ = {isa = PBXBuildFile; fileRef = B7928BE22794302D00C4F110 /* CoreGraphicsUtil.swift */; };
		B7AA99E227B5C1430033B459 /* ComparableUtil.swift in Sources */ = {isa = PBXBuildFile; fileRef = B7AA99E127B5C1430033B459 /* ComparableUtil.swift */; };
		B7AA99E427B6CABB0033B459 /* SIMDUtil.swift in Sources */ = {isa = PBXBuildFile; fileRef = B7AA99E327B6CABB0033B459 /* SIMDUtil.swift */; };
		B7AA99E827B7EC150033B459 /* ArrangementView.swift in Sources */ = {isa = PBXBuildFile; fileRef = B7AA99E727B7EC150033B459 /* ArrangementView.swift */; };
		B7AA99EB27B7F32A0033B459 /* ComponentViewUtil.swift in Sources */ = {isa = PBXBuildFile; fileRef = B7AA99EA27B7F32A0033B459 /* ComponentViewUtil.swift */; };
		B7AA99ED27B81FB70033B459 /* DistinctValueSet.swift in Sources */ = {isa = PBXBuildFile; fileRef = B7AA99EC27B81FB70033B459 /* DistinctValueSet.swift */; };
		B7AA99EF27B8488B0033B459 /* GeometryUtil.swift in Sources */ = {isa = PBXBuildFile; fileRef = B7AA99EE27B8488B0033B459 /* GeometryUtil.swift */; };
		B7D19EB427310DFC005C9F82 /* BindingUtil.swift in Sources */ = {isa = PBXBuildFile; fileRef = B7D19EB327310DFC005C9F82 /* BindingUtil.swift */; };
		B7D19EB627316198005C9F82 /* DisplayRefreshSync.swift in Sources */ = {isa = PBXBuildFile; fileRef = B7D19EB527316198005C9F82 /* DisplayRefreshSync.swift */; };
		B7D19EB827317025005C9F82 /* ScrollAnimationUtil.swift in Sources */ = {isa = PBXBuildFile; fileRef = B7D19EB727317025005C9F82 /* ScrollAnimationUtil.swift */; };
		B7D19EBA2731A456005C9F82 /* DragGestureUtil.swift in Sources */ = {isa = PBXBuildFile; fileRef = B7D19EB92731A456005C9F82 /* DragGestureUtil.swift */; };
		B7D19EBC273306F5005C9F82 /* Line.swift in Sources */ = {isa = PBXBuildFile; fileRef = B7D19EBB273306F4005C9F82 /* Line.swift */; };
		B7D8252C279D64D1008F28CE /* EditGeneratorView.swift in Sources */ = {isa = PBXBuildFile; fileRef = B7D8252B279D64D1008F28CE /* EditGeneratorView.swift */; };
		B7D8252E279DCCA4008F28CE /* AnimationUtil.swift in Sources */ = {isa = PBXBuildFile; fileRef = B7D8252D279DCCA4008F28CE /* AnimationUtil.swift */; };
		B7E481CB274183BD003DA5B1 /* Transformation.cpp in Sources */ = {isa = PBXBuildFile; fileRef = B7E481C9274183BD003DA5B1 /* Transformation.cpp */; };
		B7E481CF2742307B003DA5B1 /* Camera.cpp in Sources */ = {isa = PBXBuildFile; fileRef = B7E481CD2742307B003DA5B1 /* Camera.cpp */; };
		B7E481D22742EE20003DA5B1 /* Base.cpp in Sources */ = {isa = PBXBuildFile; fileRef = B7E481D12742EE20003DA5B1 /* Base.cpp */; };
		B7E481DA274648DB003DA5B1 /* MeshView.cpp in Sources */ = {isa = PBXBuildFile; fileRef = B7E481D9274648DB003DA5B1 /* MeshView.cpp */; };
		B7E481DE2747782B003DA5B1 /* ResourceManager.cpp in Sources */ = {isa = PBXBuildFile; fileRef = B7E481DC2747782B003DA5B1 /* ResourceManager.cpp */; };
/* End PBXBuildFile section */

/* Begin PBXFileReference section */
		B70A3109272F1502003432C4 /* AnimationCompletionObserver.swift */ = {isa = PBXFileReference; lastKnownFileType = sourcecode.swift; path = AnimationCompletionObserver.swift; sourceTree = "<group>"; };
		B7104BB727286B3700582DCA /* SceneViewModel.swift */ = {isa = PBXFileReference; lastKnownFileType = sourcecode.swift; path = SceneViewModel.swift; sourceTree = "<group>"; };
		B7104BB927287A0A00582DCA /* LocatedTapGesture.swift */ = {isa = PBXFileReference; lastKnownFileType = sourcecode.swift; path = LocatedTapGesture.swift; sourceTree = "<group>"; };
		B7104BC0272931AB00582DCA /* SIMDUtil.h */ = {isa = PBXFileReference; lastKnownFileType = sourcecode.c.h; path = SIMDUtil.h; sourceTree = "<group>"; };
		B7104BC1272B00B700582DCA /* Selector.swift */ = {isa = PBXFileReference; lastKnownFileType = sourcecode.swift; path = Selector.swift; sourceTree = "<group>"; };
		B7104BC3272B069F00582DCA /* ColorUtil.swift */ = {isa = PBXFileReference; lastKnownFileType = sourcecode.swift; path = ColorUtil.swift; sourceTree = "<group>"; };
		B7104BC5272B1D3300582DCA /* FloatingSceneView.swift */ = {isa = PBXFileReference; lastKnownFileType = sourcecode.swift; path = FloatingSceneView.swift; sourceTree = "<group>"; };
		B7104BC7272BBB1F00582DCA /* FloatField.swift */ = {isa = PBXFileReference; lastKnownFileType = sourcecode.swift; path = FloatField.swift; sourceTree = "<group>"; };
		B7104BC9272C07B300582DCA /* BezierRoundedRectangle.swift */ = {isa = PBXFileReference; lastKnownFileType = sourcecode.swift; path = BezierRoundedRectangle.swift; sourceTree = "<group>"; };
		B710DB8327BC106D00C57BDF /* ObjectBinding.swift */ = {isa = PBXFileReference; lastKnownFileType = sourcecode.swift; path = ObjectBinding.swift; sourceTree = "<group>"; };
		B710DB8827BC29D200C57BDF /* BitByBitEquatable.hpp */ = {isa = PBXFileReference; lastKnownFileType = sourcecode.cpp.h; path = BitByBitEquatable.hpp; sourceTree = "<group>"; };
		B710DB8927BD8E4000C57BDF /* PropertySelector.swift */ = {isa = PBXFileReference; lastKnownFileType = sourcecode.swift; path = PropertySelector.swift; sourceTree = "<group>"; };
		B715B23924D28B0F00B4C859 /* libAppleCppAPI.a */ = {isa = PBXFileReference; explicitFileType = archive.ar; path = libAppleCppAPI.a; sourceTree = BUILT_PRODUCTS_DIR; };
		B715B23B24D28B4E00B4C859 /* libAppleCppAPI.a */ = {isa = PBXFileReference; explicitFileType = archive.ar; path = libAppleCppAPI.a; sourceTree = BUILT_PRODUCTS_DIR; };
		B715B23E24D28E2200B4C859 /* libAppleCppAPI.a */ = {isa = PBXFileReference; explicitFileType = archive.ar; path = libAppleCppAPI.a; sourceTree = BUILT_PRODUCTS_DIR; };
		B717634A27A2C7D400CE5195 /* ComponentTreeNavigationView.swift */ = {isa = PBXFileReference; lastKnownFileType = sourcecode.swift; path = ComponentTreeNavigationView.swift; sourceTree = "<group>"; };
		B717635627ABF25500CE5195 /* Component.swift */ = {isa = PBXFileReference; lastKnownFileType = sourcecode.swift; path = Component.swift; sourceTree = "<group>"; };
		B717635827AE836E00CE5195 /* EnumUtil.swift */ = {isa = PBXFileReference; lastKnownFileType = sourcecode.swift; path = EnumUtil.swift; sourceTree = "<group>"; };
		B717635B27AE83D400CE5195 /* ScaleComponent.swift */ = {isa = PBXFileReference; lastKnownFileType = sourcecode.swift; path = ScaleComponent.swift; sourceTree = "<group>"; };
		B717635D27AE841C00CE5195 /* TransformationComponent.swift */ = {isa = PBXFileReference; lastKnownFileType = sourcecode.swift; path = TransformationComponent.swift; sourceTree = "<group>"; };
		B717635F27B00CCF00CE5195 /* MeshRegistry.swift */ = {isa = PBXFileReference; lastKnownFileType = sourcecode.swift; path = MeshRegistry.swift; sourceTree = "<group>"; };
		B717636127B0242300CE5195 /* SampleSceneData.swift */ = {isa = PBXFileReference; lastKnownFileType = sourcecode.swift; path = SampleSceneData.swift; sourceTree = "<group>"; };
		B717636327B1A7F500CE5195 /* IntegerField.swift */ = {isa = PBXFileReference; lastKnownFileType = sourcecode.swift; path = IntegerField.swift; sourceTree = "<group>"; };
		B72175F8274BC0A60047016B /* Mesh.cpp */ = {isa = PBXFileReference; lastKnownFileType = sourcecode.cpp.cpp; path = Mesh.cpp; sourceTree = "<group>"; };
		B72175F9274BC0A60047016B /* Mesh.hpp */ = {isa = PBXFileReference; lastKnownFileType = sourcecode.cpp.h; path = Mesh.hpp; sourceTree = "<group>"; };
		B72175FB274BC28B0047016B /* ResourceManager.hpp */ = {isa = PBXFileReference; lastKnownFileType = sourcecode.cpp.h; path = ResourceManager.hpp; sourceTree = "<group>"; };
		B72175FC274BD5A00047016B /* Mesh.h */ = {isa = PBXFileReference; lastKnownFileType = sourcecode.c.h; path = Mesh.h; sourceTree = "<group>"; };
		B72175FE274CF1DE0047016B /* circle.obj */ = {isa = PBXFileReference; fileEncoding = 4; lastKnownFileType = text; path = circle.obj; sourceTree = "<group>"; };
		B7217601274FF2800047016B /* APIObjectWrapper.cpp */ = {isa = PBXFileReference; lastKnownFileType = sourcecode.cpp.cpp; path = APIObjectWrapper.cpp; sourceTree = "<group>"; };
		B7217602274FF2800047016B /* APIObjectWrapper.hpp */ = {isa = PBXFileReference; lastKnownFileType = sourcecode.cpp.h; path = APIObjectWrapper.hpp; sourceTree = "<group>"; };
		B7217604274FF7EB0047016B /* Base.hpp */ = {isa = PBXFileReference; lastKnownFileType = sourcecode.cpp.h; path = Base.hpp; sourceTree = "<group>"; };
		B7217605274FFA770047016B /* Device_metal.mm */ = {isa = PBXFileReference; lastKnownFileType = sourcecode.cpp.objcpp; path = Device_metal.mm; sourceTree = "<group>"; };
		B7217606274FFA770047016B /* Device.hpp */ = {isa = PBXFileReference; lastKnownFileType = sourcecode.cpp.h; path = Device.hpp; sourceTree = "<group>"; };
		B72176082750AD990047016B /* Buffer_metal.mm */ = {isa = PBXFileReference; lastKnownFileType = sourcecode.cpp.objcpp; path = Buffer_metal.mm; sourceTree = "<group>"; };
		B72176092750AD990047016B /* Buffer.hpp */ = {isa = PBXFileReference; lastKnownFileType = sourcecode.cpp.h; path = Buffer.hpp; sourceTree = "<group>"; };
		B721760B2750B8870047016B /* ResourceOptions.hpp */ = {isa = PBXFileReference; lastKnownFileType = sourcecode.cpp.h; path = ResourceOptions.hpp; sourceTree = "<group>"; };
		B721760C2750BFAC0047016B /* ResourceOptionsUtil_metal.h */ = {isa = PBXFileReference; lastKnownFileType = sourcecode.c.h; path = ResourceOptionsUtil_metal.h; sourceTree = "<group>"; };
		B723583D2756147200337547 /* square.obj */ = {isa = PBXFileReference; fileEncoding = 4; lastKnownFileType = text; path = square.obj; sourceTree = "<group>"; };
		B723583F27568C6300337547 /* cube.obj */ = {isa = PBXFileReference; fileEncoding = 4; lastKnownFileType = text; path = cube.obj; sourceTree = "<group>"; };
		B72358412756902F00337547 /* cylinder.obj */ = {isa = PBXFileReference; fileEncoding = 4; lastKnownFileType = text; path = cylinder.obj; sourceTree = "<group>"; };
		B7235843275691C000337547 /* cone.obj */ = {isa = PBXFileReference; fileEncoding = 4; lastKnownFileType = text; path = cone.obj; sourceTree = "<group>"; };
		B72358472756928F00337547 /* sphere.obj */ = {isa = PBXFileReference; fileEncoding = 4; lastKnownFileType = text; path = sphere.obj; sourceTree = "<group>"; };
		B72358492757730700337547 /* Geometry.h */ = {isa = PBXFileReference; lastKnownFileType = sourcecode.c.h; path = Geometry.h; sourceTree = "<group>"; };
		B723584B2757749300337547 /* RayCast.cpp */ = {isa = PBXFileReference; lastKnownFileType = sourcecode.cpp.cpp; path = RayCast.cpp; sourceTree = "<group>"; };
		B723584C2757749300337547 /* RayCast.hpp */ = {isa = PBXFileReference; lastKnownFileType = sourcecode.cpp.h; path = RayCast.hpp; sourceTree = "<group>"; };
		B723584E275774B600337547 /* RayCast.h */ = {isa = PBXFileReference; lastKnownFileType = sourcecode.c.h; path = RayCast.h; sourceTree = "<group>"; };
		B723584F275D34D000337547 /* Polyline.cpp */ = {isa = PBXFileReference; lastKnownFileType = sourcecode.cpp.cpp; path = Polyline.cpp; sourceTree = "<group>"; };
		B7235850275D34D000337547 /* Polyline.hpp */ = {isa = PBXFileReference; lastKnownFileType = sourcecode.cpp.h; path = Polyline.hpp; sourceTree = "<group>"; };
		B7235852275D3CBF00337547 /* Polyline.h */ = {isa = PBXFileReference; lastKnownFileType = sourcecode.c.h; path = Polyline.h; sourceTree = "<group>"; };
		B7235853275E984500337547 /* PolylineView.cpp */ = {isa = PBXFileReference; lastKnownFileType = sourcecode.cpp.cpp; path = PolylineView.cpp; sourceTree = "<group>"; };
		B7235854275E984500337547 /* PolylineView.h */ = {isa = PBXFileReference; lastKnownFileType = sourcecode.c.h; path = PolylineView.h; sourceTree = "<group>"; };
		B7235859275F4EE500337547 /* coordinate_grid.obj */ = {isa = PBXFileReference; lastKnownFileType = text; path = coordinate_grid.obj; sourceTree = "<group>"; };
		B723585B2761173800337547 /* line.obj */ = {isa = PBXFileReference; lastKnownFileType = text; path = line.obj; sourceTree = "<group>"; };
		B723585D2762844700337547 /* PolylineViewDepthBias.cpp */ = {isa = PBXFileReference; lastKnownFileType = sourcecode.cpp.cpp; path = PolylineViewDepthBias.cpp; sourceTree = "<group>"; };
		B723585E2762844700337547 /* PolylineViewDepthBias.h */ = {isa = PBXFileReference; lastKnownFileType = sourcecode.c.h; path = PolylineViewDepthBias.h; sourceTree = "<group>"; };
		B7235860276F2BEC00337547 /* OutlineView.cpp */ = {isa = PBXFileReference; lastKnownFileType = sourcecode.cpp.cpp; path = OutlineView.cpp; sourceTree = "<group>"; };
		B7235861276F2BEC00337547 /* OutlineView.h */ = {isa = PBXFileReference; lastKnownFileType = sourcecode.c.h; path = OutlineView.h; sourceTree = "<group>"; };
		B72358662774982300337547 /* ComponentListenerUtil.hpp */ = {isa = PBXFileReference; lastKnownFileType = sourcecode.cpp.h; path = ComponentListenerUtil.hpp; sourceTree = "<group>"; };
		B72358672774A81300337547 /* ComponentUpdateNotifier.hpp */ = {isa = PBXFileReference; lastKnownFileType = sourcecode.cpp.h; path = ComponentUpdateNotifier.hpp; sourceTree = "<group>"; };
		B73245A4273D92BF00708909 /* SPTScene.h */ = {isa = PBXFileReference; lastKnownFileType = sourcecode.c.h; path = SPTScene.h; sourceTree = "<group>"; };
		B73245A5273D92BF00708909 /* SPTScene.mm */ = {isa = PBXFileReference; lastKnownFileType = sourcecode.cpp.objcpp; path = SPTScene.mm; sourceTree = "<group>"; };
		B73245A7273E677B00708909 /* Bridging-Header.h */ = {isa = PBXFileReference; lastKnownFileType = sourcecode.c.h; path = "Bridging-Header.h"; sourceTree = "<group>"; };
		B73245AA273EB7D400708909 /* Base.h */ = {isa = PBXFileReference; lastKnownFileType = sourcecode.c.h; path = Base.h; sourceTree = "<group>"; };
		B73245AE27410CA400708909 /* Scene.cpp */ = {isa = PBXFileReference; lastKnownFileType = sourcecode.cpp.cpp; path = Scene.cpp; sourceTree = "<group>"; };
		B73245AF27410CA400708909 /* Scene.hpp */ = {isa = PBXFileReference; lastKnownFileType = sourcecode.cpp.h; path = Scene.hpp; sourceTree = "<group>"; };
		B73245B12741188500708909 /* SPTViewController.h */ = {isa = PBXFileReference; lastKnownFileType = sourcecode.c.h; path = SPTViewController.h; sourceTree = "<group>"; };
		B73245B22741188500708909 /* SPTViewController.mm */ = {isa = PBXFileReference; lastKnownFileType = sourcecode.cpp.objcpp; path = SPTViewController.mm; sourceTree = "<group>"; };
		B73245B4274124C100708909 /* Renderer.mm */ = {isa = PBXFileReference; lastKnownFileType = sourcecode.cpp.objcpp; path = Renderer.mm; sourceTree = "<group>"; };
		B73245B5274124C100708909 /* Renderer.hpp */ = {isa = PBXFileReference; lastKnownFileType = sourcecode.cpp.h; path = Renderer.hpp; sourceTree = "<group>"; };
		B73245B7274128FD00708909 /* Spirit.mm */ = {isa = PBXFileReference; lastKnownFileType = sourcecode.cpp.objcpp; path = Spirit.mm; sourceTree = "<group>"; };
		B73245B8274128FD00708909 /* Spirit.h */ = {isa = PBXFileReference; lastKnownFileType = sourcecode.c.h; path = Spirit.h; sourceTree = "<group>"; };
		B736450327B3BA1100FAD433 /* EditComponentViewProvider.swift */ = {isa = PBXFileReference; lastKnownFileType = sourcecode.swift; path = EditComponentViewProvider.swift; sourceTree = "<group>"; };
		B736450527B3DB7100FAD433 /* EditGeneratorComponentView.swift */ = {isa = PBXFileReference; lastKnownFileType = sourcecode.swift; path = EditGeneratorComponentView.swift; sourceTree = "<group>"; };
		B73E47C727C5590800CB0AFC /* Orientation.cpp */ = {isa = PBXFileReference; lastKnownFileType = sourcecode.cpp.cpp; path = Orientation.cpp; sourceTree = "<group>"; };
		B73E47C827C5590800CB0AFC /* Orientation.h */ = {isa = PBXFileReference; lastKnownFileType = sourcecode.c.h; path = Orientation.h; sourceTree = "<group>"; };
		B73E47CA27C5762500CB0AFC /* Position.cpp */ = {isa = PBXFileReference; lastKnownFileType = sourcecode.cpp.cpp; path = Position.cpp; sourceTree = "<group>"; };
		B73E47CB27C5762500CB0AFC /* Position.h */ = {isa = PBXFileReference; lastKnownFileType = sourcecode.c.h; path = Position.h; sourceTree = "<group>"; };
		B75FA5692788C82C001EC7C5 /* Materials.h */ = {isa = PBXFileReference; lastKnownFileType = sourcecode.c.h; path = Materials.h; sourceTree = "<group>"; };
		B75FA56A278ACD7D001EC7C5 /* RootView.swift */ = {isa = PBXFileReference; lastKnownFileType = sourcecode.swift; path = RootView.swift; sourceTree = "<group>"; };
		B75FA56C278B3414001EC7C5 /* Views.swift */ = {isa = PBXFileReference; lastKnownFileType = sourcecode.swift; path = Views.swift; sourceTree = "<group>"; };
		B75FA570278D4CA6001EC7C5 /* NewGeneratorView.swift */ = {isa = PBXFileReference; lastKnownFileType = sourcecode.swift; path = NewGeneratorView.swift; sourceTree = "<group>"; };
		B75FA572278D5001001EC7C5 /* StringUtil.swift */ = {isa = PBXFileReference; lastKnownFileType = sourcecode.swift; path = StringUtil.swift; sourceTree = "<group>"; };
		B75FA576278D6DBD001EC7C5 /* GeneratorView.swift */ = {isa = PBXFileReference; lastKnownFileType = sourcecode.swift; path = GeneratorView.swift; sourceTree = "<group>"; };
		B75FA57B27918064001EC7C5 /* Generator.cpp */ = {isa = PBXFileReference; lastKnownFileType = sourcecode.cpp.cpp; path = Generator.cpp; sourceTree = "<group>"; };
		B75FA57C27918064001EC7C5 /* Generator.hpp */ = {isa = PBXFileReference; lastKnownFileType = sourcecode.cpp.h; path = Generator.hpp; sourceTree = "<group>"; };
		B75FA57E27918097001EC7C5 /* Generator.h */ = {isa = PBXFileReference; lastKnownFileType = sourcecode.c.h; path = Generator.h; sourceTree = "<group>"; };
		B75FA57F2791A1D1001EC7C5 /* MeshView.hpp */ = {isa = PBXFileReference; lastKnownFileType = sourcecode.cpp.h; path = MeshView.hpp; sourceTree = "<group>"; };
		B75FA5802791EDD6001EC7C5 /* ViewUtils.swift */ = {isa = PBXFileReference; lastKnownFileType = sourcecode.swift; path = ViewUtils.swift; sourceTree = "<group>"; };
		B75FA584279322E2001EC7C5 /* TemplateObjectSelector.swift */ = {isa = PBXFileReference; lastKnownFileType = sourcecode.swift; path = TemplateObjectSelector.swift; sourceTree = "<group>"; };
		B7791D1427258F7500E0C934 /* Hero.app */ = {isa = PBXFileReference; explicitFileType = wrapper.application; includeInIndex = 0; path = Hero.app; sourceTree = BUILT_PRODUCTS_DIR; };
		B7791D1627258F7500E0C934 /* HeroApp.swift */ = {isa = PBXFileReference; lastKnownFileType = sourcecode.swift; path = HeroApp.swift; sourceTree = "<group>"; };
		B7791D1A27258F7700E0C934 /* Assets.xcassets */ = {isa = PBXFileReference; lastKnownFileType = folder.assetcatalog; path = Assets.xcassets; sourceTree = "<group>"; };
		B7791D1D27258F7700E0C934 /* Preview Assets.xcassets */ = {isa = PBXFileReference; lastKnownFileType = folder.assetcatalog; path = "Preview Assets.xcassets"; sourceTree = "<group>"; };
		B7791D222725D99900E0C934 /* Info.plist */ = {isa = PBXFileReference; lastKnownFileType = text.plist.xml; path = Info.plist; sourceTree = "<group>"; };
		B7791D242725F45F00E0C934 /* TransformView.swift */ = {isa = PBXFileReference; fileEncoding = 4; lastKnownFileType = sourcecode.swift; path = TransformView.swift; sourceTree = "<group>"; };
		B7791D4E2726762100E0C934 /* Shaders.metal */ = {isa = PBXFileReference; fileEncoding = 4; lastKnownFileType = sourcecode.metal; path = Shaders.metal; sourceTree = "<group>"; };
		B7791D522726762100E0C934 /* SPTView.swift */ = {isa = PBXFileReference; fileEncoding = 4; lastKnownFileType = sourcecode.swift; path = SPTView.swift; sourceTree = "<group>"; };
		B7791D542726762100E0C934 /* SPTRenderingContext.m */ = {isa = PBXFileReference; fileEncoding = 4; lastKnownFileType = sourcecode.c.objc; path = SPTRenderingContext.m; sourceTree = "<group>"; };
		B7791D552726762100E0C934 /* ShaderTypes.h */ = {isa = PBXFileReference; fileEncoding = 4; lastKnownFileType = sourcecode.c.h; path = ShaderTypes.h; sourceTree = "<group>"; };
		B7791D6A2726762100E0C934 /* SPTRenderingContext.h */ = {isa = PBXFileReference; fileEncoding = 4; lastKnownFileType = sourcecode.c.h; path = SPTRenderingContext.h; sourceTree = "<group>"; };
		B7791D982726768B00E0C934 /* UIColorUtil.swift */ = {isa = PBXFileReference; fileEncoding = 4; lastKnownFileType = sourcecode.swift; path = UIColorUtil.swift; sourceTree = "<group>"; };
		B7791DA42726768B00E0C934 /* FloatingPointUtil.swift */ = {isa = PBXFileReference; fileEncoding = 4; lastKnownFileType = sourcecode.swift; path = FloatingPointUtil.swift; sourceTree = "<group>"; };
		B7791DB92726821200E0C934 /* SceneView.swift */ = {isa = PBXFileReference; lastKnownFileType = sourcecode.swift; path = SceneView.swift; sourceTree = "<group>"; };
		B7928BE22794302D00C4F110 /* CoreGraphicsUtil.swift */ = {isa = PBXFileReference; lastKnownFileType = sourcecode.swift; path = CoreGraphicsUtil.swift; sourceTree = "<group>"; };
		B7AA99E127B5C1430033B459 /* ComparableUtil.swift */ = {isa = PBXFileReference; lastKnownFileType = sourcecode.swift; path = ComparableUtil.swift; sourceTree = "<group>"; };
		B7AA99E327B6CABB0033B459 /* SIMDUtil.swift */ = {isa = PBXFileReference; lastKnownFileType = sourcecode.swift; path = SIMDUtil.swift; sourceTree = "<group>"; };
		B7AA99E727B7EC150033B459 /* ArrangementView.swift */ = {isa = PBXFileReference; lastKnownFileType = sourcecode.swift; path = ArrangementView.swift; sourceTree = "<group>"; };
		B7AA99EA27B7F32A0033B459 /* ComponentViewUtil.swift */ = {isa = PBXFileReference; lastKnownFileType = sourcecode.swift; path = ComponentViewUtil.swift; sourceTree = "<group>"; };
		B7AA99EC27B81FB70033B459 /* DistinctValueSet.swift */ = {isa = PBXFileReference; lastKnownFileType = sourcecode.swift; path = DistinctValueSet.swift; sourceTree = "<group>"; };
		B7AA99EE27B8488B0033B459 /* GeometryUtil.swift */ = {isa = PBXFileReference; lastKnownFileType = sourcecode.swift; path = GeometryUtil.swift; sourceTree = "<group>"; };
		B7D19EB327310DFC005C9F82 /* BindingUtil.swift */ = {isa = PBXFileReference; lastKnownFileType = sourcecode.swift; path = BindingUtil.swift; sourceTree = "<group>"; };
		B7D19EB527316198005C9F82 /* DisplayRefreshSync.swift */ = {isa = PBXFileReference; lastKnownFileType = sourcecode.swift; path = DisplayRefreshSync.swift; sourceTree = "<group>"; };
		B7D19EB727317025005C9F82 /* ScrollAnimationUtil.swift */ = {isa = PBXFileReference; lastKnownFileType = sourcecode.swift; path = ScrollAnimationUtil.swift; sourceTree = "<group>"; };
		B7D19EB92731A456005C9F82 /* DragGestureUtil.swift */ = {isa = PBXFileReference; lastKnownFileType = sourcecode.swift; path = DragGestureUtil.swift; sourceTree = "<group>"; };
		B7D19EBB273306F4005C9F82 /* Line.swift */ = {isa = PBXFileReference; lastKnownFileType = sourcecode.swift; path = Line.swift; sourceTree = "<group>"; };
		B7D8252B279D64D1008F28CE /* EditGeneratorView.swift */ = {isa = PBXFileReference; lastKnownFileType = sourcecode.swift; path = EditGeneratorView.swift; sourceTree = "<group>"; };
		B7D8252D279DCCA4008F28CE /* AnimationUtil.swift */ = {isa = PBXFileReference; lastKnownFileType = sourcecode.swift; path = AnimationUtil.swift; sourceTree = "<group>"; };
		B7E481C9274183BD003DA5B1 /* Transformation.cpp */ = {isa = PBXFileReference; lastKnownFileType = sourcecode.cpp.cpp; path = Transformation.cpp; sourceTree = "<group>"; };
		B7E481CA274183BD003DA5B1 /* Transformation.h */ = {isa = PBXFileReference; lastKnownFileType = sourcecode.c.h; path = Transformation.h; sourceTree = "<group>"; };
		B7E481CD2742307B003DA5B1 /* Camera.cpp */ = {isa = PBXFileReference; lastKnownFileType = sourcecode.cpp.cpp; path = Camera.cpp; sourceTree = "<group>"; };
		B7E481CE2742307B003DA5B1 /* Camera.h */ = {isa = PBXFileReference; lastKnownFileType = sourcecode.c.h; path = Camera.h; sourceTree = "<group>"; };
		B7E481D02742DAF5003DA5B1 /* Camera.hpp */ = {isa = PBXFileReference; lastKnownFileType = sourcecode.cpp.h; path = Camera.hpp; sourceTree = "<group>"; };
		B7E481D12742EE20003DA5B1 /* Base.cpp */ = {isa = PBXFileReference; lastKnownFileType = sourcecode.cpp.cpp; path = Base.cpp; sourceTree = "<group>"; };
		B7E481D327439EC2003DA5B1 /* Transformation.hpp */ = {isa = PBXFileReference; lastKnownFileType = sourcecode.cpp.h; path = Transformation.hpp; sourceTree = "<group>"; };
		B7E481D42743A1D7003DA5B1 /* Base.hpp */ = {isa = PBXFileReference; lastKnownFileType = sourcecode.cpp.h; path = Base.hpp; sourceTree = "<group>"; };
		B7E481D8274648DB003DA5B1 /* MeshView.h */ = {isa = PBXFileReference; lastKnownFileType = sourcecode.c.h; path = MeshView.h; sourceTree = "<group>"; };
		B7E481D9274648DB003DA5B1 /* MeshView.cpp */ = {isa = PBXFileReference; lastKnownFileType = sourcecode.cpp.cpp; path = MeshView.cpp; sourceTree = "<group>"; };
		B7E481DC2747782B003DA5B1 /* ResourceManager.cpp */ = {isa = PBXFileReference; lastKnownFileType = sourcecode.cpp.cpp; path = ResourceManager.cpp; sourceTree = "<group>"; };
		B7E481DD2747782B003DA5B1 /* ResourceManager.h */ = {isa = PBXFileReference; lastKnownFileType = sourcecode.c.h; path = ResourceManager.h; sourceTree = "<group>"; };
/* End PBXFileReference section */

/* Begin PBXFrameworksBuildPhase section */
		B7791D1127258F7500E0C934 /* Frameworks */ = {
			isa = PBXFrameworksBuildPhase;
			buildActionMask = 2147483647;
			files = (
			);
			runOnlyForDeploymentPostprocessing = 0;
		};
/* End PBXFrameworksBuildPhase section */

/* Begin PBXGroup section */
		B7104BBB2729261300582DCA /* Spirit */ = {
			isa = PBXGroup;
			children = (
				B7217600274F6B7D0047016B /* GHI */,
				B7E481C82741837D003DA5B1 /* Transformation */,
				B7E481CC2742306A003DA5B1 /* Camera */,
				B73245BB274147F300708909 /* View */,
				B75FA57A279175BC001EC7C5 /* Generator */,
				B7E481C227414867003DA5B1 /* Scene */,
				B7E481C42741498F003DA5B1 /* Rendering */,
				B723584A2757745A00337547 /* Ray Casting */,
				B7E481DB274777CF003DA5B1 /* Resource Management */,
				B7E481C627414A8F003DA5B1 /* Foundation */,
			);
			path = Spirit;
			sourceTree = "<group>";
		};
		B7104BBC2729266D00582DCA /* Foundation */ = {
			isa = PBXGroup;
			children = (
				B7791D982726768B00E0C934 /* UIColorUtil.swift */,
				B7104BC3272B069F00582DCA /* ColorUtil.swift */,
				B7791DA42726768B00E0C934 /* FloatingPointUtil.swift */,
				B7104BB927287A0A00582DCA /* LocatedTapGesture.swift */,
				B7104BC9272C07B300582DCA /* BezierRoundedRectangle.swift */,
				B70A3109272F1502003432C4 /* AnimationCompletionObserver.swift */,
				B7D19EB327310DFC005C9F82 /* BindingUtil.swift */,
				B7D19EB527316198005C9F82 /* DisplayRefreshSync.swift */,
				B7D19EB727317025005C9F82 /* ScrollAnimationUtil.swift */,
				B7D19EB92731A456005C9F82 /* DragGestureUtil.swift */,
				B7D19EBB273306F4005C9F82 /* Line.swift */,
				B75FA56C278B3414001EC7C5 /* Views.swift */,
				B75FA572278D5001001EC7C5 /* StringUtil.swift */,
				B75FA5802791EDD6001EC7C5 /* ViewUtils.swift */,
				B7928BE22794302D00C4F110 /* CoreGraphicsUtil.swift */,
				B7D8252D279DCCA4008F28CE /* AnimationUtil.swift */,
				B717635827AE836E00CE5195 /* EnumUtil.swift */,
				B7AA99E127B5C1430033B459 /* ComparableUtil.swift */,
				B7AA99E327B6CABB0033B459 /* SIMDUtil.swift */,
				B7AA99EC27B81FB70033B459 /* DistinctValueSet.swift */,
				B7AA99EE27B8488B0033B459 /* GeometryUtil.swift */,
				B710DB8327BC106D00C57BDF /* ObjectBinding.swift */,
			);
			path = Foundation;
			sourceTree = "<group>";
		};
		B715B23824D28B0F00B4C859 /* Frameworks */ = {
			isa = PBXGroup;
			children = (
				B715B23E24D28E2200B4C859 /* libAppleCppAPI.a */,
				B715B23B24D28B4E00B4C859 /* libAppleCppAPI.a */,
				B715B23924D28B0F00B4C859 /* libAppleCppAPI.a */,
			);
			name = Frameworks;
			sourceTree = "<group>";
		};
		B7176347279F3B9800CE5195 /* Generator */ = {
			isa = PBXGroup;
			children = (
				B75FA576278D6DBD001EC7C5 /* GeneratorView.swift */,
				B7D8252B279D64D1008F28CE /* EditGeneratorView.swift */,
				B75FA570278D4CA6001EC7C5 /* NewGeneratorView.swift */,
				B736450527B3DB7100FAD433 /* EditGeneratorComponentView.swift */,
				B7AA99E727B7EC150033B459 /* ArrangementView.swift */,
			);
			path = Generator;
			sourceTree = "<group>";
		};
		B717635A27AE839F00CE5195 /* Object */ = {
			isa = PBXGroup;
			children = (
				B717635B27AE83D400CE5195 /* ScaleComponent.swift */,
				B717635D27AE841C00CE5195 /* TransformationComponent.swift */,
			);
			path = Object;
			sourceTree = "<group>";
		};
		B72175FD274CF1CF0047016B /* Resources */ = {
			isa = PBXGroup;
			children = (
				B723583D2756147200337547 /* square.obj */,
				B72175FE274CF1DE0047016B /* circle.obj */,
				B723583F27568C6300337547 /* cube.obj */,
				B72358412756902F00337547 /* cylinder.obj */,
				B7235843275691C000337547 /* cone.obj */,
				B72358472756928F00337547 /* sphere.obj */,
				B7235859275F4EE500337547 /* coordinate_grid.obj */,
				B723585B2761173800337547 /* line.obj */,
			);
			name = Resources;
			sourceTree = "<group>";
		};
		B7217600274F6B7D0047016B /* GHI */ = {
			isa = PBXGroup;
			children = (
				B7217601274FF2800047016B /* APIObjectWrapper.cpp */,
				B7217602274FF2800047016B /* APIObjectWrapper.hpp */,
				B7217604274FF7EB0047016B /* Base.hpp */,
				B7217605274FFA770047016B /* Device_metal.mm */,
				B7217606274FFA770047016B /* Device.hpp */,
				B72176082750AD990047016B /* Buffer_metal.mm */,
				B72176092750AD990047016B /* Buffer.hpp */,
				B721760B2750B8870047016B /* ResourceOptions.hpp */,
				B721760C2750BFAC0047016B /* ResourceOptionsUtil_metal.h */,
			);
			path = GHI;
			sourceTree = "<group>";
		};
		B723584A2757745A00337547 /* Ray Casting */ = {
			isa = PBXGroup;
			children = (
				B723584B2757749300337547 /* RayCast.cpp */,
				B723584C2757749300337547 /* RayCast.hpp */,
				B723584E275774B600337547 /* RayCast.h */,
			);
			name = "Ray Casting";
			sourceTree = "<group>";
		};
		B7316FEB24CF376000157455 = {
			isa = PBXGroup;
			children = (
				B7791D1527258F7500E0C934 /* Hero */,
				B7316FF524CF376000157455 /* Products */,
				B715B23824D28B0F00B4C859 /* Frameworks */,
			);
			sourceTree = "<group>";
		};
		B7316FF524CF376000157455 /* Products */ = {
			isa = PBXGroup;
			children = (
				B7791D1427258F7500E0C934 /* Hero.app */,
			);
			name = Products;
			sourceTree = "<group>";
		};
		B73245BB274147F300708909 /* View */ = {
			isa = PBXGroup;
			children = (
				B7791D522726762100E0C934 /* SPTView.swift */,
				B73245B12741188500708909 /* SPTViewController.h */,
				B73245B22741188500708909 /* SPTViewController.mm */,
			);
			name = View;
			sourceTree = "<group>";
		};
		B75FA57A279175BC001EC7C5 /* Generator */ = {
			isa = PBXGroup;
			children = (
				B75FA57B27918064001EC7C5 /* Generator.cpp */,
				B75FA57C27918064001EC7C5 /* Generator.hpp */,
				B75FA57E27918097001EC7C5 /* Generator.h */,
			);
			name = Generator;
			sourceTree = "<group>";
		};
		B7791D1527258F7500E0C934 /* Hero */ = {
			isa = PBXGroup;
			children = (
				B7104BBB2729261300582DCA /* Spirit */,
				B7104BBC2729266D00582DCA /* Foundation */,
				B7AA99E927B7F2FE0033B459 /* Component */,
				B717635A27AE839F00CE5195 /* Object */,
				B7176347279F3B9800CE5195 /* Generator */,
				B7791D1627258F7500E0C934 /* HeroApp.swift */,
				B7791DB92726821200E0C934 /* SceneView.swift */,
				B7104BB727286B3700582DCA /* SceneViewModel.swift */,
				B7791D242725F45F00E0C934 /* TransformView.swift */,
				B75FA56A278ACD7D001EC7C5 /* RootView.swift */,
				B7104BC1272B00B700582DCA /* Selector.swift */,
				B7104BC7272BBB1F00582DCA /* FloatField.swift */,
				B717636327B1A7F500CE5195 /* IntegerField.swift */,
				B7104BC5272B1D3300582DCA /* FloatingSceneView.swift */,
				B75FA584279322E2001EC7C5 /* TemplateObjectSelector.swift */,
				B717635F27B00CCF00CE5195 /* MeshRegistry.swift */,
				B7791D222725D99900E0C934 /* Info.plist */,
				B7791D1A27258F7700E0C934 /* Assets.xcassets */,
				B7791D1C27258F7700E0C934 /* Preview Content */,
				B736450327B3BA1100FAD433 /* EditComponentViewProvider.swift */,
				B710DB8927BD8E4000C57BDF /* PropertySelector.swift */,
			);
			path = Hero;
			sourceTree = "<group>";
		};
		B7791D1C27258F7700E0C934 /* Preview Content */ = {
			isa = PBXGroup;
			children = (
				B7791D1D27258F7700E0C934 /* Preview Assets.xcassets */,
				B717636127B0242300CE5195 /* SampleSceneData.swift */,
			);
			path = "Preview Content";
			sourceTree = "<group>";
		};
		B7AA99E927B7F2FE0033B459 /* Component */ = {
			isa = PBXGroup;
			children = (
				B717634A27A2C7D400CE5195 /* ComponentTreeNavigationView.swift */,
				B717635627ABF25500CE5195 /* Component.swift */,
				B7AA99EA27B7F32A0033B459 /* ComponentViewUtil.swift */,
			);
			path = Component;
			sourceTree = "<group>";
		};
		B7E481C227414867003DA5B1 /* Scene */ = {
			isa = PBXGroup;
			children = (
				B73245A5273D92BF00708909 /* SPTScene.mm */,
				B73245A4273D92BF00708909 /* SPTScene.h */,
				B73245AE27410CA400708909 /* Scene.cpp */,
				B73245AF27410CA400708909 /* Scene.hpp */,
			);
			name = Scene;
			sourceTree = "<group>";
		};
		B7E481C42741498F003DA5B1 /* Rendering */ = {
			isa = PBXGroup;
			children = (
				B73245B4274124C100708909 /* Renderer.mm */,
				B73245B5274124C100708909 /* Renderer.hpp */,
				B7791D542726762100E0C934 /* SPTRenderingContext.m */,
				B7791D6A2726762100E0C934 /* SPTRenderingContext.h */,
				B7791D4E2726762100E0C934 /* Shaders.metal */,
				B7791D552726762100E0C934 /* ShaderTypes.h */,
				B7E481D8274648DB003DA5B1 /* MeshView.h */,
				B7E481D9274648DB003DA5B1 /* MeshView.cpp */,
				B75FA57F2791A1D1001EC7C5 /* MeshView.hpp */,
				B7235853275E984500337547 /* PolylineView.cpp */,
				B7235854275E984500337547 /* PolylineView.h */,
				B723585D2762844700337547 /* PolylineViewDepthBias.cpp */,
				B723585E2762844700337547 /* PolylineViewDepthBias.h */,
				B7235860276F2BEC00337547 /* OutlineView.cpp */,
				B7235861276F2BEC00337547 /* OutlineView.h */,
				B75FA5692788C82C001EC7C5 /* Materials.h */,
			);
			name = Rendering;
			sourceTree = "<group>";
		};
		B7E481C627414A8F003DA5B1 /* Foundation */ = {
			isa = PBXGroup;
			children = (
				B73245B7274128FD00708909 /* Spirit.mm */,
				B7104BC0272931AB00582DCA /* SIMDUtil.h */,
				B73245AA273EB7D400708909 /* Base.h */,
				B7E481D12742EE20003DA5B1 /* Base.cpp */,
				B7E481D42743A1D7003DA5B1 /* Base.hpp */,
				B73245B8274128FD00708909 /* Spirit.h */,
				B72358492757730700337547 /* Geometry.h */,
				B73245A7273E677B00708909 /* Bridging-Header.h */,
				B72358662774982300337547 /* ComponentListenerUtil.hpp */,
				B72358672774A81300337547 /* ComponentUpdateNotifier.hpp */,
				B710DB8827BC29D200C57BDF /* BitByBitEquatable.hpp */,
			);
			name = Foundation;
			sourceTree = "<group>";
		};
		B7E481C82741837D003DA5B1 /* Transformation */ = {
			isa = PBXGroup;
			children = (
				B7E481C9274183BD003DA5B1 /* Transformation.cpp */,
				B7E481CA274183BD003DA5B1 /* Transformation.h */,
				B7E481D327439EC2003DA5B1 /* Transformation.hpp */,
				B73E47C727C5590800CB0AFC /* Orientation.cpp */,
				B73E47C827C5590800CB0AFC /* Orientation.h */,
				B73E47CA27C5762500CB0AFC /* Position.cpp */,
				B73E47CB27C5762500CB0AFC /* Position.h */,
			);
			name = Transformation;
			sourceTree = "<group>";
		};
		B7E481CC2742306A003DA5B1 /* Camera */ = {
			isa = PBXGroup;
			children = (
				B7E481CD2742307B003DA5B1 /* Camera.cpp */,
				B7E481CE2742307B003DA5B1 /* Camera.h */,
				B7E481D02742DAF5003DA5B1 /* Camera.hpp */,
			);
			name = Camera;
			sourceTree = "<group>";
		};
		B7E481DB274777CF003DA5B1 /* Resource Management */ = {
			isa = PBXGroup;
			children = (
				B72175FD274CF1CF0047016B /* Resources */,
				B7E481DC2747782B003DA5B1 /* ResourceManager.cpp */,
				B72175FB274BC28B0047016B /* ResourceManager.hpp */,
				B7E481DD2747782B003DA5B1 /* ResourceManager.h */,
				B72175F8274BC0A60047016B /* Mesh.cpp */,
				B72175F9274BC0A60047016B /* Mesh.hpp */,
				B72175FC274BD5A00047016B /* Mesh.h */,
				B723584F275D34D000337547 /* Polyline.cpp */,
				B7235850275D34D000337547 /* Polyline.hpp */,
				B7235852275D3CBF00337547 /* Polyline.h */,
			);
			name = "Resource Management";
			sourceTree = "<group>";
		};
/* End PBXGroup section */

/* Begin PBXNativeTarget section */
		B7791D1327258F7500E0C934 /* Hero */ = {
			isa = PBXNativeTarget;
			buildConfigurationList = B7791D1F27258F7700E0C934 /* Build configuration list for PBXNativeTarget "Hero" */;
			buildPhases = (
				B7791D1027258F7500E0C934 /* Sources */,
				B7791D1127258F7500E0C934 /* Frameworks */,
				B7791D1227258F7500E0C934 /* Resources */,
			);
			buildRules = (
			);
			dependencies = (
			);
			name = Hero;
			productName = Hero;
			productReference = B7791D1427258F7500E0C934 /* Hero.app */;
			productType = "com.apple.product-type.application";
		};
/* End PBXNativeTarget section */

/* Begin PBXProject section */
		B7316FEC24CF376000157455 /* Project object */ = {
			isa = PBXProject;
			attributes = {
				LastSwiftUpdateCheck = 1300;
				LastUpgradeCheck = 1200;
				TargetAttributes = {
					B7791D1327258F7500E0C934 = {
						CreatedOnToolsVersion = 13.0;
					};
				};
			};
			buildConfigurationList = B7316FEF24CF376000157455 /* Build configuration list for PBXProject "Hero" */;
			compatibilityVersion = "Xcode 9.3";
			developmentRegion = en;
			hasScannedForEncodings = 0;
			knownRegions = (
				en,
				Base,
			);
			mainGroup = B7316FEB24CF376000157455;
			productRefGroup = B7316FF524CF376000157455 /* Products */;
			projectDirPath = "";
			projectRoot = "";
			targets = (
				B7791D1327258F7500E0C934 /* Hero */,
			);
		};
/* End PBXProject section */

/* Begin PBXResourcesBuildPhase section */
		B7791D1227258F7500E0C934 /* Resources */ = {
			isa = PBXResourcesBuildPhase;
			buildActionMask = 2147483647;
			files = (
				B723585C2761189E00337547 /* line.obj in Resources */,
				B723585A275F51F700337547 /* coordinate_grid.obj in Resources */,
				B723583E2756147200337547 /* square.obj in Resources */,
				B72358422756902F00337547 /* cylinder.obj in Resources */,
				B72358482756928F00337547 /* sphere.obj in Resources */,
				B723584027568C6300337547 /* cube.obj in Resources */,
				B7235844275691C000337547 /* cone.obj in Resources */,
				B7791D1E27258F7700E0C934 /* Preview Assets.xcassets in Resources */,
				B72175FF274CF1DE0047016B /* circle.obj in Resources */,
				B7791D1B27258F7700E0C934 /* Assets.xcassets in Resources */,
			);
			runOnlyForDeploymentPostprocessing = 0;
		};
/* End PBXResourcesBuildPhase section */

/* Begin PBXSourcesBuildPhase section */
		B7791D1027258F7500E0C934 /* Sources */ = {
			isa = PBXSourcesBuildPhase;
			buildActionMask = 2147483647;
			files = (
				B7104BB827286B3700582DCA /* SceneViewModel.swift in Sources */,
				B721760A2750AD990047016B /* Buffer_metal.mm in Sources */,
				B7791DAB2726768B00E0C934 /* UIColorUtil.swift in Sources */,
				B717634B27A2C7D400CE5195 /* ComponentTreeNavigationView.swift in Sources */,
				B73245B6274124C100708909 /* Renderer.mm in Sources */,
				B7235862276F2BEC00337547 /* OutlineView.cpp in Sources */,
				B7104BC4272B069F00582DCA /* ColorUtil.swift in Sources */,
				B7235851275D34D000337547 /* Polyline.cpp in Sources */,
				B7791DB42726768C00E0C934 /* FloatingPointUtil.swift in Sources */,
				B75FA56B278ACD7E001EC7C5 /* RootView.swift in Sources */,
				B7AA99ED27B81FB70033B459 /* DistinctValueSet.swift in Sources */,
				B7E481D22742EE20003DA5B1 /* Base.cpp in Sources */,
				B7D19EB827317025005C9F82 /* ScrollAnimationUtil.swift in Sources */,
				B7E481CF2742307B003DA5B1 /* Camera.cpp in Sources */,
				B723584D2757749300337547 /* RayCast.cpp in Sources */,
				B7D19EB427310DFC005C9F82 /* BindingUtil.swift in Sources */,
				B7217607274FFA770047016B /* Device_metal.mm in Sources */,
				B717635C27AE83D400CE5195 /* ScaleComponent.swift in Sources */,
				B7D8252E279DCCA4008F28CE /* AnimationUtil.swift in Sources */,
				B7E481DA274648DB003DA5B1 /* MeshView.cpp in Sources */,
				B73245B027410CA400708909 /* Scene.cpp in Sources */,
				B7104BCA272C07B300582DCA /* BezierRoundedRectangle.swift in Sources */,
				B717635E27AE841C00CE5195 /* TransformationComponent.swift in Sources */,
				B75FA585279322E2001EC7C5 /* TemplateObjectSelector.swift in Sources */,
				B7AA99EF27B8488B0033B459 /* GeometryUtil.swift in Sources */,
				B7791DBA2726821200E0C934 /* SceneView.swift in Sources */,
				B7791D812726762100E0C934 /* Shaders.metal in Sources */,
				B75FA5812791EDD6001EC7C5 /* ViewUtils.swift in Sources */,
				B72175FA274BC0A60047016B /* Mesh.cpp in Sources */,
				B70A310A272F1502003432C4 /* AnimationCompletionObserver.swift in Sources */,
				B717635727ABF25600CE5195 /* Component.swift in Sources */,
				B7928BE32794302D00C4F110 /* CoreGraphicsUtil.swift in Sources */,
				B7D19EB627316198005C9F82 /* DisplayRefreshSync.swift in Sources */,
				B73245A6273D92BF00708909 /* SPTScene.mm in Sources */,
				B717636427B1A7F500CE5195 /* IntegerField.swift in Sources */,
				B7D19EBC273306F5005C9F82 /* Line.swift in Sources */,
				B736450627B3DB7100FAD433 /* EditGeneratorComponentView.swift in Sources */,
				B75FA573278D5001001EC7C5 /* StringUtil.swift in Sources */,
				B75FA56D278B3414001EC7C5 /* Views.swift in Sources */,
				B73245B32741188500708909 /* SPTViewController.mm in Sources */,
				B73E47CC27C5762500CB0AFC /* Position.cpp in Sources */,
				B710DB8A27BD8E4000C57BDF /* PropertySelector.swift in Sources */,
				B75FA577278D6DBD001EC7C5 /* GeneratorView.swift in Sources */,
				B7235855275E984500337547 /* PolylineView.cpp in Sources */,
				B7104BC2272B00B800582DCA /* Selector.swift in Sources */,
				B723585F2762844700337547 /* PolylineViewDepthBias.cpp in Sources */,
				B717636027B00CCF00CE5195 /* MeshRegistry.swift in Sources */,
				B7D8252C279D64D1008F28CE /* EditGeneratorView.swift in Sources */,
				B75FA57D27918064001EC7C5 /* Generator.cpp in Sources */,
				B7791D1727258F7500E0C934 /* HeroApp.swift in Sources */,
				B717636227B0242300CE5195 /* SampleSceneData.swift in Sources */,
				B736450427B3BA1100FAD433 /* EditComponentViewProvider.swift in Sources */,
				B7104BC6272B1D3300582DCA /* FloatingSceneView.swift in Sources */,
				B7217603274FF2800047016B /* APIObjectWrapper.cpp in Sources */,
				B7791D252725F45F00E0C934 /* TransformView.swift in Sources */,
				B73E47C927C5590800CB0AFC /* Orientation.cpp in Sources */,
				B73245B9274128FD00708909 /* Spirit.mm in Sources */,
				B7791D842726762100E0C934 /* SPTRenderingContext.m in Sources */,
				B75FA571278D4CA6001EC7C5 /* NewGeneratorView.swift in Sources */,
				B7AA99EB27B7F32A0033B459 /* ComponentViewUtil.swift in Sources */,
				B7AA99E427B6CABB0033B459 /* SIMDUtil.swift in Sources */,
				B710DB8427BC106D00C57BDF /* ObjectBinding.swift in Sources */,
				B7104BBA27287A0A00582DCA /* LocatedTapGesture.swift in Sources */,
				B7E481CB274183BD003DA5B1 /* Transformation.cpp in Sources */,
				B7791D832726762100E0C934 /* SPTView.swift in Sources */,
				B7104BC8272BBB1F00582DCA /* FloatField.swift in Sources */,
				B7AA99E227B5C1430033B459 /* ComparableUtil.swift in Sources */,
				B717635927AE836E00CE5195 /* EnumUtil.swift in Sources */,
				B7D19EBA2731A456005C9F82 /* DragGestureUtil.swift in Sources */,
				B7E481DE2747782B003DA5B1 /* ResourceManager.cpp in Sources */,
				B7AA99E827B7EC150033B459 /* ArrangementView.swift in Sources */,
			);
			runOnlyForDeploymentPostprocessing = 0;
		};
/* End PBXSourcesBuildPhase section */

/* Begin XCBuildConfiguration section */
		B731700124CF376200157455 /* Debug */ = {
			isa = XCBuildConfiguration;
			buildSettings = {
				ALWAYS_SEARCH_USER_PATHS = NO;
				CLANG_ANALYZER_NONNULL = YES;
				CLANG_ANALYZER_NUMBER_OBJECT_CONVERSION = YES_AGGRESSIVE;
				CLANG_CXX_LANGUAGE_STANDARD = "gnu++14";
				CLANG_CXX_LIBRARY = "libc++";
				CLANG_ENABLE_MODULES = YES;
				CLANG_ENABLE_OBJC_ARC = YES;
				CLANG_ENABLE_OBJC_WEAK = YES;
				CLANG_WARN_BLOCK_CAPTURE_AUTORELEASING = YES;
				CLANG_WARN_BOOL_CONVERSION = YES;
				CLANG_WARN_COMMA = YES;
				CLANG_WARN_CONSTANT_CONVERSION = YES;
				CLANG_WARN_DEPRECATED_OBJC_IMPLEMENTATIONS = YES;
				CLANG_WARN_DIRECT_OBJC_ISA_USAGE = YES_ERROR;
				CLANG_WARN_DOCUMENTATION_COMMENTS = YES;
				CLANG_WARN_EMPTY_BODY = YES;
				CLANG_WARN_ENUM_CONVERSION = YES;
				CLANG_WARN_INFINITE_RECURSION = YES;
				CLANG_WARN_INT_CONVERSION = YES;
				CLANG_WARN_NON_LITERAL_NULL_CONVERSION = YES;
				CLANG_WARN_OBJC_IMPLICIT_RETAIN_SELF = YES;
				CLANG_WARN_OBJC_LITERAL_CONVERSION = YES;
				CLANG_WARN_OBJC_ROOT_CLASS = YES_ERROR;
				CLANG_WARN_QUOTED_INCLUDE_IN_FRAMEWORK_HEADER = YES;
				CLANG_WARN_RANGE_LOOP_ANALYSIS = YES;
				CLANG_WARN_STRICT_PROTOTYPES = YES;
				CLANG_WARN_SUSPICIOUS_MOVE = YES;
				CLANG_WARN_UNGUARDED_AVAILABILITY = YES_AGGRESSIVE;
				CLANG_WARN_UNREACHABLE_CODE = YES;
				CLANG_WARN__DUPLICATE_METHOD_MATCH = YES;
				COPY_PHASE_STRIP = NO;
				DEBUG_INFORMATION_FORMAT = dwarf;
				ENABLE_STRICT_OBJC_MSGSEND = YES;
				ENABLE_TESTABILITY = YES;
				GCC_C_LANGUAGE_STANDARD = gnu11;
				GCC_DYNAMIC_NO_PIC = NO;
				GCC_NO_COMMON_BLOCKS = YES;
				GCC_OPTIMIZATION_LEVEL = 0;
				GCC_PREPROCESSOR_DEFINITIONS = (
					"DEBUG=1",
					"$(inherited)",
				);
				GCC_WARN_64_TO_32_BIT_CONVERSION = YES;
				GCC_WARN_ABOUT_RETURN_TYPE = YES_ERROR;
				GCC_WARN_UNDECLARED_SELECTOR = YES;
				GCC_WARN_UNINITIALIZED_AUTOS = YES_AGGRESSIVE;
				GCC_WARN_UNUSED_FUNCTION = YES;
				GCC_WARN_UNUSED_VARIABLE = YES;
				IPHONEOS_DEPLOYMENT_TARGET = 15.0;
				MTL_ENABLE_DEBUG_INFO = INCLUDE_SOURCE;
				MTL_FAST_MATH = YES;
				ONLY_ACTIVE_ARCH = YES;
				SDKROOT = iphoneos;
				SWIFT_ACTIVE_COMPILATION_CONDITIONS = DEBUG;
				SWIFT_OBJC_BRIDGING_HEADER = "";
				SWIFT_OPTIMIZATION_LEVEL = "-Onone";
			};
			name = Debug;
		};
		B731700224CF376200157455 /* Release */ = {
			isa = XCBuildConfiguration;
			buildSettings = {
				ALWAYS_SEARCH_USER_PATHS = NO;
				CLANG_ANALYZER_NONNULL = YES;
				CLANG_ANALYZER_NUMBER_OBJECT_CONVERSION = YES_AGGRESSIVE;
				CLANG_CXX_LANGUAGE_STANDARD = "gnu++14";
				CLANG_CXX_LIBRARY = "libc++";
				CLANG_ENABLE_MODULES = YES;
				CLANG_ENABLE_OBJC_ARC = YES;
				CLANG_ENABLE_OBJC_WEAK = YES;
				CLANG_WARN_BLOCK_CAPTURE_AUTORELEASING = YES;
				CLANG_WARN_BOOL_CONVERSION = YES;
				CLANG_WARN_COMMA = YES;
				CLANG_WARN_CONSTANT_CONVERSION = YES;
				CLANG_WARN_DEPRECATED_OBJC_IMPLEMENTATIONS = YES;
				CLANG_WARN_DIRECT_OBJC_ISA_USAGE = YES_ERROR;
				CLANG_WARN_DOCUMENTATION_COMMENTS = YES;
				CLANG_WARN_EMPTY_BODY = YES;
				CLANG_WARN_ENUM_CONVERSION = YES;
				CLANG_WARN_INFINITE_RECURSION = YES;
				CLANG_WARN_INT_CONVERSION = YES;
				CLANG_WARN_NON_LITERAL_NULL_CONVERSION = YES;
				CLANG_WARN_OBJC_IMPLICIT_RETAIN_SELF = YES;
				CLANG_WARN_OBJC_LITERAL_CONVERSION = YES;
				CLANG_WARN_OBJC_ROOT_CLASS = YES_ERROR;
				CLANG_WARN_QUOTED_INCLUDE_IN_FRAMEWORK_HEADER = YES;
				CLANG_WARN_RANGE_LOOP_ANALYSIS = YES;
				CLANG_WARN_STRICT_PROTOTYPES = YES;
				CLANG_WARN_SUSPICIOUS_MOVE = YES;
				CLANG_WARN_UNGUARDED_AVAILABILITY = YES_AGGRESSIVE;
				CLANG_WARN_UNREACHABLE_CODE = YES;
				CLANG_WARN__DUPLICATE_METHOD_MATCH = YES;
				COPY_PHASE_STRIP = NO;
				DEBUG_INFORMATION_FORMAT = "dwarf-with-dsym";
				ENABLE_NS_ASSERTIONS = NO;
				ENABLE_STRICT_OBJC_MSGSEND = YES;
				GCC_C_LANGUAGE_STANDARD = gnu11;
				GCC_NO_COMMON_BLOCKS = YES;
				GCC_WARN_64_TO_32_BIT_CONVERSION = YES;
				GCC_WARN_ABOUT_RETURN_TYPE = YES_ERROR;
				GCC_WARN_UNDECLARED_SELECTOR = YES;
				GCC_WARN_UNINITIALIZED_AUTOS = YES_AGGRESSIVE;
				GCC_WARN_UNUSED_FUNCTION = YES;
				GCC_WARN_UNUSED_VARIABLE = YES;
				IPHONEOS_DEPLOYMENT_TARGET = 15.0;
				MTL_ENABLE_DEBUG_INFO = NO;
				MTL_FAST_MATH = YES;
				SDKROOT = iphoneos;
				SWIFT_COMPILATION_MODE = wholemodule;
				SWIFT_OBJC_BRIDGING_HEADER = "";
				SWIFT_OPTIMIZATION_LEVEL = "-O";
				VALIDATE_PRODUCT = YES;
			};
			name = Release;
		};
		B7791D2027258F7700E0C934 /* Debug */ = {
			isa = XCBuildConfiguration;
			buildSettings = {
				ASSETCATALOG_COMPILER_APPICON_NAME = AppIcon;
				ASSETCATALOG_COMPILER_GLOBAL_ACCENT_COLOR_NAME = AccentColor;
				CLANG_CXX_LANGUAGE_STANDARD = "gnu++17";
				CODE_SIGN_STYLE = Automatic;
				CURRENT_PROJECT_VERSION = 1;
				DEVELOPMENT_ASSET_PATHS = "\"Hero/Preview Content\"";
				DEVELOPMENT_TEAM = Q2Y9WYQGMZ;
				ENABLE_PREVIEWS = YES;
				GENERATE_INFOPLIST_FILE = YES;
				INFOPLIST_FILE = Hero/Info.plist;
				INFOPLIST_KEY_UIApplicationSupportsIndirectInputEvents = YES;
				INFOPLIST_KEY_UILaunchScreen_Generation = YES;
				INFOPLIST_KEY_UISupportedInterfaceOrientations = UIInterfaceOrientationPortrait;
				INFOPLIST_KEY_UISupportedInterfaceOrientations_iPad = UIInterfaceOrientationPortrait;
				INFOPLIST_KEY_UISupportedInterfaceOrientations_iPhone = UIInterfaceOrientationPortrait;
				IPHONEOS_DEPLOYMENT_TARGET = 15.0;
				LD_RUNPATH_SEARCH_PATHS = (
					"$(inherited)",
					"@executable_path/Frameworks",
				);
				LIBRARY_SEARCH_PATHS = "";
				MARKETING_VERSION = 1.0;
				OTHER_LDFLAGS = "";
				PRODUCT_BUNDLE_IDENTIFIER = free.co.herospirit.Hero.Hero;
				PRODUCT_NAME = "$(TARGET_NAME)";
				SWIFT_EMIT_LOC_STRINGS = YES;
				SWIFT_OBJC_BRIDGING_HEADER = "Hero/Spirit/Bridging-Header.h";
				SWIFT_VERSION = 5.0;
				SYSTEM_HEADER_SEARCH_PATHS = (
					./entt/src,
					./tinyobjloader,
				);
				TARGETED_DEVICE_FAMILY = 1;
			};
			name = Debug;
		};
		B7791D2127258F7700E0C934 /* Release */ = {
			isa = XCBuildConfiguration;
			buildSettings = {
				ASSETCATALOG_COMPILER_APPICON_NAME = AppIcon;
				ASSETCATALOG_COMPILER_GLOBAL_ACCENT_COLOR_NAME = AccentColor;
				CLANG_CXX_LANGUAGE_STANDARD = "gnu++17";
				CODE_SIGN_STYLE = Automatic;
				CURRENT_PROJECT_VERSION = 1;
				DEVELOPMENT_ASSET_PATHS = "\"Hero/Preview Content\"";
				DEVELOPMENT_TEAM = Q2Y9WYQGMZ;
				ENABLE_PREVIEWS = YES;
				GENERATE_INFOPLIST_FILE = YES;
				INFOPLIST_FILE = Hero/Info.plist;
				INFOPLIST_KEY_UIApplicationSupportsIndirectInputEvents = YES;
				INFOPLIST_KEY_UILaunchScreen_Generation = YES;
				INFOPLIST_KEY_UISupportedInterfaceOrientations = UIInterfaceOrientationPortrait;
				INFOPLIST_KEY_UISupportedInterfaceOrientations_iPad = UIInterfaceOrientationPortrait;
				INFOPLIST_KEY_UISupportedInterfaceOrientations_iPhone = UIInterfaceOrientationPortrait;
				IPHONEOS_DEPLOYMENT_TARGET = 15.0;
				LD_RUNPATH_SEARCH_PATHS = (
					"$(inherited)",
					"@executable_path/Frameworks",
				);
				LIBRARY_SEARCH_PATHS = "";
				MARKETING_VERSION = 1.0;
				OTHER_LDFLAGS = "";
				PRODUCT_BUNDLE_IDENTIFIER = free.co.herospirit.Hero.Hero;
				PRODUCT_NAME = "$(TARGET_NAME)";
				SWIFT_EMIT_LOC_STRINGS = YES;
				SWIFT_OBJC_BRIDGING_HEADER = "Hero/Spirit/Bridging-Header.h";
				SWIFT_VERSION = 5.0;
				SYSTEM_HEADER_SEARCH_PATHS = (
					./entt/src,
					./tinyobjloader,
				);
				TARGETED_DEVICE_FAMILY = 1;
			};
			name = Release;
		};
/* End XCBuildConfiguration section */

/* Begin XCConfigurationList section */
		B7316FEF24CF376000157455 /* Build configuration list for PBXProject "Hero" */ = {
			isa = XCConfigurationList;
			buildConfigurations = (
				B731700124CF376200157455 /* Debug */,
				B731700224CF376200157455 /* Release */,
			);
			defaultConfigurationIsVisible = 0;
			defaultConfigurationName = Release;
		};
		B7791D1F27258F7700E0C934 /* Build configuration list for PBXNativeTarget "Hero" */ = {
			isa = XCConfigurationList;
			buildConfigurations = (
				B7791D2027258F7700E0C934 /* Debug */,
				B7791D2127258F7700E0C934 /* Release */,
			);
			defaultConfigurationIsVisible = 0;
			defaultConfigurationName = Release;
		};
/* End XCConfigurationList section */
	};
	rootObject = B7316FEC24CF376000157455 /* Project object */;
}
