{
  "pins" : [
    {
      "identity" : "displaylink",
      "kind" : "remoteSourceControl",
      "location" : "https://github.com/timdonnelly/DisplayLink.git",
      "state" : {
        "revision" : "e95f592a176246172324f10eb1bdc92f121d479f",
        "version" : "0.2.0"
      }
    },
    {
      "identity" : "swift-collections",
      "kind" : "remoteSourceControl",
      "location" : "https://github.com/apple/swift-collections.git",
      "state" : {
        "revision" : "48254824bb4248676bf7ce56014ff57b142b77eb",
        "version" : "1.0.2"
      }
    }
  ],
  "version" : 2
}
